
Microsoft Visual Studio Solution File, Format Version 12.00
# Visual Studio Version 17
VisualStudioVersion = 17.0.31808.319
MinimumVisualStudioVersion = 10.0.40219.1
Project("{9A19103F-16F7-4668-BE54-9A1E7A4F7556}") = "TaskService", "TaskService\TaskService.csproj", "{13F1569D-C69B-493F-BC4F-1D3604686B4C}"
EndProject
Project("{9A19103F-16F7-4668-BE54-9A1E7A4F7556}") = "Common", "Common\Common.csproj", "{7F1E9FFD-E504-4518-AF79-19C4C5B4876B}"
EndProject
Project("{9A19103F-16F7-4668-BE54-9A1E7A4F7556}") = "Repository", "Repository\Repository.csproj", "{FC09917F-AC87-4576-82A3-A5CD4915ED54}"
EndProject
Project("{9A19103F-16F7-4668-BE54-9A1E7A4F7556}") = "AdminApi", "AdminApi\AdminApi.csproj", "{72265046-EC10-4FBA-B505-31CF24DD8141}"
EndProject
Project("{9A19103F-16F7-4668-BE54-9A1E7A4F7556}") = "AdminApp", "AdminApp\AdminApp.csproj", "{410D1E1B-22C8-45B9-81B3-F8125CE43457}"
EndProject
Project("{9A19103F-16F7-4668-BE54-9A1E7A4F7556}") = "AdminShared", "AdminShared\AdminShared.csproj", "{C6BA2E2B-37EE-4F1F-A153-7C2BF76A5BA3}"
EndProject
Project("{2150E333-8FDC-42A3-9474-1A3956D46DE8}") = "Infrastructure", "Infrastructure", "{AF3FE10D-6533-4CFC-9F00-06BD7874A1BB}"
EndProject
Project("{9A19103F-16F7-4668-BE54-9A1E7A4F7556}") = "DistributedLock", "DistributedLock\DistributedLock.csproj", "{D9EC2DC5-8754-4D6C-8487-45B427992A3F}"
EndProject
Project("{9A19103F-16F7-4668-BE54-9A1E7A4F7556}") = "FileStorage", "FileStorage\FileStorage.csproj", "{2CFB8DF3-6103-4597-BAF0-AB722DB5F2B2}"
EndProject
Project("{9A19103F-16F7-4668-BE54-9A1E7A4F7556}") = "SMS", "SMS\SMS.csproj", "{8F2A76B6-F845-4D78-8CAF-31737F3DE6E8}"
EndProject
Project("{9A19103F-16F7-4668-BE54-9A1E7A4F7556}") = "FileStorage.TencentCloud", "FileStorage.TencentCloud\FileStorage.TencentCloud.csproj", "{D475C2D3-8C87-4DBD-8CF1-BCA3FA48C3B0}"
EndProject
Project("{9A19103F-16F7-4668-BE54-9A1E7A4F7556}") = "FileStorage.AliCloud", "FileStorage.AliCloud\FileStorage.AliCloud.csproj", "{29F39764-B48E-48BE-BF98-EED50939779F}"
EndProject
Project("{9A19103F-16F7-4668-BE54-9A1E7A4F7556}") = "DistributedLock.Redis", "DistributedLock.Redis\DistributedLock.Redis.csproj", "{B6958759-E864-476E-A31D-1BF327BE78CC}"
EndProject
Project("{9A19103F-16F7-4668-BE54-9A1E7A4F7556}") = "SMS.AliCloud", "SMS.AliCloud\SMS.AliCloud.csproj", "{8D795280-B39A-42CB-A132-F497AC917C7F}"
EndProject
Project("{9A19103F-16F7-4668-BE54-9A1E7A4F7556}") = "SMS.TencentCloud", "SMS.TencentCloud\SMS.TencentCloud.csproj", "{902BB7C3-5CEE-496D-ADC0-155A5A61E609}"
EndProject
Project("{9A19103F-16F7-4668-BE54-9A1E7A4F7556}") = "Logger.DataBase", "Logger.DataBase\Logger.DataBase.csproj", "{EA76F2F5-2576-4399-A21E-BD4C78B306B8}"
EndProject
Project("{9A19103F-16F7-4668-BE54-9A1E7A4F7556}") = "Logger.LocalFile", "Logger.LocalFile\Logger.LocalFile.csproj", "{B1BF441F-D87C-4593-AEA6-62AFF8221BCE}"
EndProject
Project("{9A19103F-16F7-4668-BE54-9A1E7A4F7556}") = "Repository.Tool", "Repository.Tool\Repository.Tool.csproj", "{4C69CB45-5959-4796-84C6-A1906EB12826}"
EndProject
Project("{9A19103F-16F7-4668-BE54-9A1E7A4F7556}") = "WebAPI", "WebAPI\WebAPI.csproj", "{65E9FE9B-0758-44BD-AB55-B3598D9311F7}"
EndProject
Global
	GlobalSection(SolutionConfigurationPlatforms) = preSolution
		Debug|Any CPU = Debug|Any CPU
		Release|Any CPU = Release|Any CPU
	EndGlobalSection
	GlobalSection(ProjectConfigurationPlatforms) = postSolution
		{13F1569D-C69B-493F-BC4F-1D3604686B4C}.Debug|Any CPU.ActiveCfg = Debug|Any CPU
		{13F1569D-C69B-493F-BC4F-1D3604686B4C}.Debug|Any CPU.Build.0 = Debug|Any CPU
		{13F1569D-C69B-493F-BC4F-1D3604686B4C}.Release|Any CPU.ActiveCfg = Release|Any CPU
		{13F1569D-C69B-493F-BC4F-1D3604686B4C}.Release|Any CPU.Build.0 = Release|Any CPU
		{7F1E9FFD-E504-4518-AF79-19C4C5B4876B}.Debug|Any CPU.ActiveCfg = Debug|Any CPU
		{7F1E9FFD-E504-4518-AF79-19C4C5B4876B}.Debug|Any CPU.Build.0 = Debug|Any CPU
		{7F1E9FFD-E504-4518-AF79-19C4C5B4876B}.Release|Any CPU.ActiveCfg = Release|Any CPU
		{7F1E9FFD-E504-4518-AF79-19C4C5B4876B}.Release|Any CPU.Build.0 = Release|Any CPU
		{FC09917F-AC87-4576-82A3-A5CD4915ED54}.Debug|Any CPU.ActiveCfg = Debug|Any CPU
		{FC09917F-AC87-4576-82A3-A5CD4915ED54}.Debug|Any CPU.Build.0 = Debug|Any CPU
		{FC09917F-AC87-4576-82A3-A5CD4915ED54}.Release|Any CPU.ActiveCfg = Release|Any CPU
		{FC09917F-AC87-4576-82A3-A5CD4915ED54}.Release|Any CPU.Build.0 = Release|Any CPU
		{72265046-EC10-4FBA-B505-31CF24DD8141}.Debug|Any CPU.ActiveCfg = Debug|Any CPU
		{72265046-EC10-4FBA-B505-31CF24DD8141}.Debug|Any CPU.Build.0 = Debug|Any CPU
		{72265046-EC10-4FBA-B505-31CF24DD8141}.Release|Any CPU.ActiveCfg = Release|Any CPU
		{72265046-EC10-4FBA-B505-31CF24DD8141}.Release|Any CPU.Build.0 = Release|Any CPU
		{410D1E1B-22C8-45B9-81B3-F8125CE43457}.Debug|Any CPU.ActiveCfg = Debug|Any CPU
		{410D1E1B-22C8-45B9-81B3-F8125CE43457}.Debug|Any CPU.Build.0 = Debug|Any CPU
		{410D1E1B-22C8-45B9-81B3-F8125CE43457}.Release|Any CPU.ActiveCfg = Release|Any CPU
		{410D1E1B-22C8-45B9-81B3-F8125CE43457}.Release|Any CPU.Build.0 = Release|Any CPU
		{C6BA2E2B-37EE-4F1F-A153-7C2BF76A5BA3}.Debug|Any CPU.ActiveCfg = Debug|Any CPU
		{C6BA2E2B-37EE-4F1F-A153-7C2BF76A5BA3}.Debug|Any CPU.Build.0 = Debug|Any CPU
		{C6BA2E2B-37EE-4F1F-A153-7C2BF76A5BA3}.Release|Any CPU.ActiveCfg = Release|Any CPU
		{C6BA2E2B-37EE-4F1F-A153-7C2BF76A5BA3}.Release|Any CPU.Build.0 = Release|Any CPU
		{D9EC2DC5-8754-4D6C-8487-45B427992A3F}.Debug|Any CPU.ActiveCfg = Debug|Any CPU
		{D9EC2DC5-8754-4D6C-8487-45B427992A3F}.Debug|Any CPU.Build.0 = Debug|Any CPU
		{D9EC2DC5-8754-4D6C-8487-45B427992A3F}.Release|Any CPU.ActiveCfg = Release|Any CPU
		{D9EC2DC5-8754-4D6C-8487-45B427992A3F}.Release|Any CPU.Build.0 = Release|Any CPU
		{2CFB8DF3-6103-4597-BAF0-AB722DB5F2B2}.Debug|Any CPU.ActiveCfg = Debug|Any CPU
		{2CFB8DF3-6103-4597-BAF0-AB722DB5F2B2}.Debug|Any CPU.Build.0 = Debug|Any CPU
		{2CFB8DF3-6103-4597-BAF0-AB722DB5F2B2}.Release|Any CPU.ActiveCfg = Release|Any CPU
		{2CFB8DF3-6103-4597-BAF0-AB722DB5F2B2}.Release|Any CPU.Build.0 = Release|Any CPU
		{8F2A76B6-F845-4D78-8CAF-31737F3DE6E8}.Debug|Any CPU.ActiveCfg = Debug|Any CPU
		{8F2A76B6-F845-4D78-8CAF-31737F3DE6E8}.Debug|Any CPU.Build.0 = Debug|Any CPU
		{8F2A76B6-F845-4D78-8CAF-31737F3DE6E8}.Release|Any CPU.ActiveCfg = Release|Any CPU
		{8F2A76B6-F845-4D78-8CAF-31737F3DE6E8}.Release|Any CPU.Build.0 = Release|Any CPU
		{D475C2D3-8C87-4DBD-8CF1-BCA3FA48C3B0}.Debug|Any CPU.ActiveCfg = Debug|Any CPU
		{D475C2D3-8C87-4DBD-8CF1-BCA3FA48C3B0}.Debug|Any CPU.Build.0 = Debug|Any CPU
		{D475C2D3-8C87-4DBD-8CF1-BCA3FA48C3B0}.Release|Any CPU.ActiveCfg = Release|Any CPU
		{D475C2D3-8C87-4DBD-8CF1-BCA3FA48C3B0}.Release|Any CPU.Build.0 = Release|Any CPU
		{29F39764-B48E-48BE-BF98-EED50939779F}.Debug|Any CPU.ActiveCfg = Debug|Any CPU
		{29F39764-B48E-48BE-BF98-EED50939779F}.Debug|Any CPU.Build.0 = Debug|Any CPU
		{29F39764-B48E-48BE-BF98-EED50939779F}.Release|Any CPU.ActiveCfg = Release|Any CPU
		{29F39764-B48E-48BE-BF98-EED50939779F}.Release|Any CPU.Build.0 = Release|Any CPU
		{B6958759-E864-476E-A31D-1BF327BE78CC}.Debug|Any CPU.ActiveCfg = Debug|Any CPU
		{B6958759-E864-476E-A31D-1BF327BE78CC}.Debug|Any CPU.Build.0 = Debug|Any CPU
		{B6958759-E864-476E-A31D-1BF327BE78CC}.Release|Any CPU.ActiveCfg = Release|Any CPU
		{B6958759-E864-476E-A31D-1BF327BE78CC}.Release|Any CPU.Build.0 = Release|Any CPU
		{8D795280-B39A-42CB-A132-F497AC917C7F}.Debug|Any CPU.ActiveCfg = Debug|Any CPU
		{8D795280-B39A-42CB-A132-F497AC917C7F}.Debug|Any CPU.Build.0 = Debug|Any CPU
		{8D795280-B39A-42CB-A132-F497AC917C7F}.Release|Any CPU.ActiveCfg = Release|Any CPU
		{8D795280-B39A-42CB-A132-F497AC917C7F}.Release|Any CPU.Build.0 = Release|Any CPU
		{902BB7C3-5CEE-496D-ADC0-155A5A61E609}.Debug|Any CPU.ActiveCfg = Debug|Any CPU
		{902BB7C3-5CEE-496D-ADC0-155A5A61E609}.Debug|Any CPU.Build.0 = Debug|Any CPU
		{902BB7C3-5CEE-496D-ADC0-155A5A61E609}.Release|Any CPU.ActiveCfg = Release|Any CPU
		{902BB7C3-5CEE-496D-ADC0-155A5A61E609}.Release|Any CPU.Build.0 = Release|Any CPU
		{EA76F2F5-2576-4399-A21E-BD4C78B306B8}.Debug|Any CPU.ActiveCfg = Debug|Any CPU
		{EA76F2F5-2576-4399-A21E-BD4C78B306B8}.Debug|Any CPU.Build.0 = Debug|Any CPU
		{EA76F2F5-2576-4399-A21E-BD4C78B306B8}.Release|Any CPU.ActiveCfg = Release|Any CPU
		{EA76F2F5-2576-4399-A21E-BD4C78B306B8}.Release|Any CPU.Build.0 = Release|Any CPU
		{B1BF441F-D87C-4593-AEA6-62AFF8221BCE}.Debug|Any CPU.ActiveCfg = Debug|Any CPU
		{B1BF441F-D87C-4593-AEA6-62AFF8221BCE}.Debug|Any CPU.Build.0 = Debug|Any CPU
		{B1BF441F-D87C-4593-AEA6-62AFF8221BCE}.Release|Any CPU.ActiveCfg = Release|Any CPU
		{B1BF441F-D87C-4593-AEA6-62AFF8221BCE}.Release|Any CPU.Build.0 = Release|Any CPU
		{4C69CB45-5959-4796-84C6-A1906EB12826}.Debug|Any CPU.ActiveCfg = Debug|Any CPU
		{4C69CB45-5959-4796-84C6-A1906EB12826}.Debug|Any CPU.Build.0 = Debug|Any CPU
		{4C69CB45-5959-4796-84C6-A1906EB12826}.Release|Any CPU.ActiveCfg = Release|Any CPU
		{4C69CB45-5959-4796-84C6-A1906EB12826}.Release|Any CPU.Build.0 = Release|Any CPU
		{65E9FE9B-0758-44BD-AB55-B3598D9311F7}.Debug|Any CPU.ActiveCfg = Debug|Any CPU
		{65E9FE9B-0758-44BD-AB55-B3598D9311F7}.Debug|Any CPU.Build.0 = Debug|Any CPU
		{65E9FE9B-0758-44BD-AB55-B3598D9311F7}.Release|Any CPU.ActiveCfg = Release|Any CPU
		{65E9FE9B-0758-44BD-AB55-B3598D9311F7}.Release|Any CPU.Build.0 = Release|Any CPU
	EndGlobalSection
	GlobalSection(SolutionProperties) = preSolution
		HideSolutionNode = FALSE
	EndGlobalSection
	GlobalSection(NestedProjects) = preSolution
		{7F1E9FFD-E504-4518-AF79-19C4C5B4876B} = {AF3FE10D-6533-4CFC-9F00-06BD7874A1BB}
		{D9EC2DC5-8754-4D6C-8487-45B427992A3F} = {AF3FE10D-6533-4CFC-9F00-06BD7874A1BB}
		{2CFB8DF3-6103-4597-BAF0-AB722DB5F2B2} = {AF3FE10D-6533-4CFC-9F00-06BD7874A1BB}
		{8F2A76B6-F845-4D78-8CAF-31737F3DE6E8} = {AF3FE10D-6533-4CFC-9F00-06BD7874A1BB}
		{D475C2D3-8C87-4DBD-8CF1-BCA3FA48C3B0} = {AF3FE10D-6533-4CFC-9F00-06BD7874A1BB}
		{29F39764-B48E-48BE-BF98-EED50939779F} = {AF3FE10D-6533-4CFC-9F00-06BD7874A1BB}
		{B6958759-E864-476E-A31D-1BF327BE78CC} = {AF3FE10D-6533-4CFC-9F00-06BD7874A1BB}
		{8D795280-B39A-42CB-A132-F497AC917C7F} = {AF3FE10D-6533-4CFC-9F00-06BD7874A1BB}
		{902BB7C3-5CEE-496D-ADC0-155A5A61E609} = {AF3FE10D-6533-4CFC-9F00-06BD7874A1BB}
		{EA76F2F5-2576-4399-A21E-BD4C78B306B8} = {AF3FE10D-6533-4CFC-9F00-06BD7874A1BB}
		{B1BF441F-D87C-4593-AEA6-62AFF8221BCE} = {AF3FE10D-6533-4CFC-9F00-06BD7874A1BB}
	EndGlobalSection
	GlobalSection(ExtensibilityGlobals) = postSolution
		SolutionGuid = {AFC5F893-16A3-441E-9DC6-2E23DD53C158}
	EndGlobalSection
EndGlobal
