
Microsoft Visual Studio Solution File, Format Version 12.00
# Visual Studio Version 17
VisualStudioVersion = 17.0.31808.319
MinimumVisualStudioVersion = 10.0.40219.1
Project("{9A19103F-16F7-4668-BE54-9A1E7A4F7556}") = "Repository", "Repository\Repository.csproj", "{FC09917F-AC87-4576-82A3-A5CD4915ED54}"
EndProject
Project("{2150E333-8FDC-42A3-9474-1A3956D46DE8}") = "Infrastructure", "Infrastructure", "{AF3FE10D-6533-4CFC-9F00-06BD7874A1BB}"
EndProject
Project("{9A19103F-16F7-4668-BE54-9A1E7A4F7556}") = "Repository.Tool", "Repository.Tool\Repository.Tool.csproj", "{4C69CB45-5959-4796-84C6-A1906EB12826}"
EndProject
Project("{9A19103F-16F7-4668-BE54-9A1E7A4F7556}") = "Common", "Infrastructure\Common\Common.csproj", "{84A76869-EA25-4F1B-B3B5-04AF7DF18375}"
EndProject
Project("{9A19103F-16F7-4668-BE54-9A1E7A4F7556}") = "DistributedLock", "Infrastructure\DistributedLock\DistributedLock.csproj", "{2F98DF95-64FE-4F67-A6F4-AEAD20999E8A}"
EndProject
Project("{9A19103F-16F7-4668-BE54-9A1E7A4F7556}") = "DistributedLock.Redis", "Infrastructure\DistributedLock.Redis\DistributedLock.Redis.csproj", "{CA4ED67D-A756-44CE-8239-82D414DD83A1}"
EndProject
Project("{9A19103F-16F7-4668-BE54-9A1E7A4F7556}") = "FileStorage", "Infrastructure\FileStorage\FileStorage.csproj", "{2A30685B-0420-4EF8-934D-6913358BA891}"
EndProject
Project("{9A19103F-16F7-4668-BE54-9A1E7A4F7556}") = "FileStorage.AliCloud", "Infrastructure\FileStorage.AliCloud\FileStorage.AliCloud.csproj", "{B0DA3005-4779-4A7D-AF26-AA1ACAF6D7B4}"
EndProject
Project("{9A19103F-16F7-4668-BE54-9A1E7A4F7556}") = "FileStorage.TencentCloud", "Infrastructure\FileStorage.TencentCloud\FileStorage.TencentCloud.csproj", "{E3FD197C-E9A6-4F41-B7CF-5181EA907A40}"
EndProject
Project("{9A19103F-16F7-4668-BE54-9A1E7A4F7556}") = "IdentifierGenerator", "Infrastructure\IdentifierGenerator\IdentifierGenerator.csproj", "{BECAC2AF-3650-40FB-9118-49656AEAC281}"
EndProject
Project("{9A19103F-16F7-4668-BE54-9A1E7A4F7556}") = "Logger.DataBase", "Infrastructure\Logger.DataBase\Logger.DataBase.csproj", "{950FCC93-1595-42F0-AE31-80EBC9D73EA5}"
EndProject
Project("{9A19103F-16F7-4668-BE54-9A1E7A4F7556}") = "Logger.LocalFile", "Infrastructure\Logger.LocalFile\Logger.LocalFile.csproj", "{154126E5-F1A2-41DE-A16A-D069B15525F6}"
EndProject
Project("{9A19103F-16F7-4668-BE54-9A1E7A4F7556}") = "SMS", "Infrastructure\SMS\SMS.csproj", "{E4E2D969-CABF-4A9B-B900-B871924AD6E4}"
EndProject
Project("{9A19103F-16F7-4668-BE54-9A1E7A4F7556}") = "SMS.AliCloud", "Infrastructure\SMS.AliCloud\SMS.AliCloud.csproj", "{FAC7073B-2624-4D6C-A227-BE40B6BFF5C2}"
EndProject
Project("{9A19103F-16F7-4668-BE54-9A1E7A4F7556}") = "SMS.TencentCloud", "Infrastructure\SMS.TencentCloud\SMS.TencentCloud.csproj", "{A39FE5D0-3115-4297-AC1B-34D5D8ED31FB}"
EndProject
Project("{2150E333-8FDC-42A3-9474-1A3956D46DE8}") = "Application", "Application", "{529F8EA9-0FFD-4E29-B386-547025F214AA}"
EndProject
Project("{2150E333-8FDC-42A3-9474-1A3956D46DE8}") = "Admin", "Admin", "{2340E349-1BD9-4BB8-B7FE-A707635DFDBC}"
EndProject
Project("{2150E333-8FDC-42A3-9474-1A3956D46DE8}") = "Presentation", "Presentation", "{08915A5A-E916-41CB-9C85-7358DB4ED1A9}"
EndProject
Project("{9A19103F-16F7-4668-BE54-9A1E7A4F7556}") = "WebAPI", "Presentation\WebAPI\WebAPI.csproj", "{AF88BF03-E89A-4685-AC80-EB258E88654E}"
EndProject
Project("{2150E333-8FDC-42A3-9474-1A3956D46DE8}") = "Web", "Web", "{63C1F016-8774-4BC5-869D-2BB2EB8A7FF7}"
EndProject
Project("{9A19103F-16F7-4668-BE54-9A1E7A4F7556}") = "Web.Interface", "Application\Web\Web.Interface\Web.Interface.csproj", "{A5CC173B-2787-4E6A-8B85-6975D873B5F6}"
EndProject
Project("{9A19103F-16F7-4668-BE54-9A1E7A4F7556}") = "Web.Service", "Application\Web\Web.Service\Web.Service.csproj", "{39D0F23B-58AC-46B5-9470-E64EFB243AE1}"
EndProject
Project("{9A19103F-16F7-4668-BE54-9A1E7A4F7556}") = "Admin.Interface", "Application\Admin\Admin.Interface\Admin.Interface.csproj", "{AF1488A7-4DB0-4367-B12D-ABDD31D1886D}"
EndProject
Project("{9A19103F-16F7-4668-BE54-9A1E7A4F7556}") = "Admin.Service", "Application\Admin\Admin.Service\Admin.Service.csproj", "{179DC36D-AA2F-4183-A3B1-FC60E697949A}"
EndProject
Project("{9A19103F-16F7-4668-BE54-9A1E7A4F7556}") = "Admin.Model", "Application\Admin\Admin.Model\Admin.Model.csproj", "{F484F085-6D92-4363-B249-CA753A840F4B}"
EndProject
Project("{2150E333-8FDC-42A3-9474-1A3956D46DE8}") = "Admin", "Admin", "{8D29B3DF-E46A-4A4D-B045-7906442B7282}"
EndProject
Project("{9A19103F-16F7-4668-BE54-9A1E7A4F7556}") = "Admin.API", "Presentation\Admin\Admin.API\Admin.API.csproj", "{7F953FEF-BF4B-4821-B4B7-513C0EB6CBFA}"
EndProject
Project("{9A19103F-16F7-4668-BE54-9A1E7A4F7556}") = "Admin.App", "Presentation\Admin\Admin.App\Admin.App.csproj", "{1B1BFD4F-B1DC-400F-9447-9040EF03B418}"
EndProject
Project("{2150E333-8FDC-42A3-9474-1A3956D46DE8}") = "BackgroundService", "BackgroundService", "{A6C15338-7657-4270-AFAF-962DC5DB9F24}"
EndProject
Project("{9A19103F-16F7-4668-BE54-9A1E7A4F7556}") = "TaskService", "BackgroundService\TaskService\TaskService.csproj", "{54772F56-3897-46A8-8772-F09B66012043}"
EndProject
Project("{9A19103F-16F7-4668-BE54-9A1E7A4F7556}") = "SharedService", "SharedService\SharedService.csproj", "{C2008BC2-F69B-4F29-9FF2-FEEF2072251A}"
EndProject
Project("{2150E333-8FDC-42A3-9474-1A3956D46DE8}") = "ProjectCore", "ProjectCore", "{C265CD69-3C8D-40B8-B5B1-8A2C4C953597}"
EndProject
Project("{9A19103F-16F7-4668-BE54-9A1E7A4F7556}") = "TaskService.Core", "ProjectCore\TaskService.Core\TaskService.Core.csproj", "{2DD6D96C-BFA2-44F8-A62D-42BC2FDBA377}"
EndProject
Project("{9A19103F-16F7-4668-BE54-9A1E7A4F7556}") = "WebAPI.Core", "ProjectCore\WebAPI.Core\WebAPI.Core.csproj", "{141E42E1-24C2-43DE-8E65-41D6CA42917F}"
EndProject
Global
	GlobalSection(SolutionConfigurationPlatforms) = preSolution
		Debug|Any CPU = Debug|Any CPU
		Release|Any CPU = Release|Any CPU
	EndGlobalSection
	GlobalSection(ProjectConfigurationPlatforms) = postSolution
		{FC09917F-AC87-4576-82A3-A5CD4915ED54}.Debug|Any CPU.ActiveCfg = Debug|Any CPU
		{FC09917F-AC87-4576-82A3-A5CD4915ED54}.Debug|Any CPU.Build.0 = Debug|Any CPU
		{FC09917F-AC87-4576-82A3-A5CD4915ED54}.Release|Any CPU.ActiveCfg = Release|Any CPU
		{FC09917F-AC87-4576-82A3-A5CD4915ED54}.Release|Any CPU.Build.0 = Release|Any CPU
		{4C69CB45-5959-4796-84C6-A1906EB12826}.Debug|Any CPU.ActiveCfg = Debug|Any CPU
		{4C69CB45-5959-4796-84C6-A1906EB12826}.Debug|Any CPU.Build.0 = Debug|Any CPU
		{4C69CB45-5959-4796-84C6-A1906EB12826}.Release|Any CPU.ActiveCfg = Release|Any CPU
		{4C69CB45-5959-4796-84C6-A1906EB12826}.Release|Any CPU.Build.0 = Release|Any CPU
		{84A76869-EA25-4F1B-B3B5-04AF7DF18375}.Debug|Any CPU.ActiveCfg = Debug|Any CPU
		{84A76869-EA25-4F1B-B3B5-04AF7DF18375}.Debug|Any CPU.Build.0 = Debug|Any CPU
		{84A76869-EA25-4F1B-B3B5-04AF7DF18375}.Release|Any CPU.ActiveCfg = Release|Any CPU
		{84A76869-EA25-4F1B-B3B5-04AF7DF18375}.Release|Any CPU.Build.0 = Release|Any CPU
		{2F98DF95-64FE-4F67-A6F4-AEAD20999E8A}.Debug|Any CPU.ActiveCfg = Debug|Any CPU
		{2F98DF95-64FE-4F67-A6F4-AEAD20999E8A}.Debug|Any CPU.Build.0 = Debug|Any CPU
		{2F98DF95-64FE-4F67-A6F4-AEAD20999E8A}.Release|Any CPU.ActiveCfg = Release|Any CPU
		{2F98DF95-64FE-4F67-A6F4-AEAD20999E8A}.Release|Any CPU.Build.0 = Release|Any CPU
		{CA4ED67D-A756-44CE-8239-82D414DD83A1}.Debug|Any CPU.ActiveCfg = Debug|Any CPU
		{CA4ED67D-A756-44CE-8239-82D414DD83A1}.Debug|Any CPU.Build.0 = Debug|Any CPU
		{CA4ED67D-A756-44CE-8239-82D414DD83A1}.Release|Any CPU.ActiveCfg = Release|Any CPU
		{CA4ED67D-A756-44CE-8239-82D414DD83A1}.Release|Any CPU.Build.0 = Release|Any CPU
		{2A30685B-0420-4EF8-934D-6913358BA891}.Debug|Any CPU.ActiveCfg = Debug|Any CPU
		{2A30685B-0420-4EF8-934D-6913358BA891}.Debug|Any CPU.Build.0 = Debug|Any CPU
		{2A30685B-0420-4EF8-934D-6913358BA891}.Release|Any CPU.ActiveCfg = Release|Any CPU
		{2A30685B-0420-4EF8-934D-6913358BA891}.Release|Any CPU.Build.0 = Release|Any CPU
		{B0DA3005-4779-4A7D-AF26-AA1ACAF6D7B4}.Debug|Any CPU.ActiveCfg = Debug|Any CPU
		{B0DA3005-4779-4A7D-AF26-AA1ACAF6D7B4}.Debug|Any CPU.Build.0 = Debug|Any CPU
		{B0DA3005-4779-4A7D-AF26-AA1ACAF6D7B4}.Release|Any CPU.ActiveCfg = Release|Any CPU
		{B0DA3005-4779-4A7D-AF26-AA1ACAF6D7B4}.Release|Any CPU.Build.0 = Release|Any CPU
		{E3FD197C-E9A6-4F41-B7CF-5181EA907A40}.Debug|Any CPU.ActiveCfg = Debug|Any CPU
		{E3FD197C-E9A6-4F41-B7CF-5181EA907A40}.Debug|Any CPU.Build.0 = Debug|Any CPU
		{E3FD197C-E9A6-4F41-B7CF-5181EA907A40}.Release|Any CPU.ActiveCfg = Release|Any CPU
		{E3FD197C-E9A6-4F41-B7CF-5181EA907A40}.Release|Any CPU.Build.0 = Release|Any CPU
		{BECAC2AF-3650-40FB-9118-49656AEAC281}.Debug|Any CPU.ActiveCfg = Debug|Any CPU
		{BECAC2AF-3650-40FB-9118-49656AEAC281}.Debug|Any CPU.Build.0 = Debug|Any CPU
		{BECAC2AF-3650-40FB-9118-49656AEAC281}.Release|Any CPU.ActiveCfg = Release|Any CPU
		{BECAC2AF-3650-40FB-9118-49656AEAC281}.Release|Any CPU.Build.0 = Release|Any CPU
		{950FCC93-1595-42F0-AE31-80EBC9D73EA5}.Debug|Any CPU.ActiveCfg = Debug|Any CPU
		{950FCC93-1595-42F0-AE31-80EBC9D73EA5}.Debug|Any CPU.Build.0 = Debug|Any CPU
		{950FCC93-1595-42F0-AE31-80EBC9D73EA5}.Release|Any CPU.ActiveCfg = Release|Any CPU
		{950FCC93-1595-42F0-AE31-80EBC9D73EA5}.Release|Any CPU.Build.0 = Release|Any CPU
		{154126E5-F1A2-41DE-A16A-D069B15525F6}.Debug|Any CPU.ActiveCfg = Debug|Any CPU
		{154126E5-F1A2-41DE-A16A-D069B15525F6}.Debug|Any CPU.Build.0 = Debug|Any CPU
		{154126E5-F1A2-41DE-A16A-D069B15525F6}.Release|Any CPU.ActiveCfg = Release|Any CPU
		{154126E5-F1A2-41DE-A16A-D069B15525F6}.Release|Any CPU.Build.0 = Release|Any CPU
		{E4E2D969-CABF-4A9B-B900-B871924AD6E4}.Debug|Any CPU.ActiveCfg = Debug|Any CPU
		{E4E2D969-CABF-4A9B-B900-B871924AD6E4}.Debug|Any CPU.Build.0 = Debug|Any CPU
		{E4E2D969-CABF-4A9B-B900-B871924AD6E4}.Release|Any CPU.ActiveCfg = Release|Any CPU
		{E4E2D969-CABF-4A9B-B900-B871924AD6E4}.Release|Any CPU.Build.0 = Release|Any CPU
		{FAC7073B-2624-4D6C-A227-BE40B6BFF5C2}.Debug|Any CPU.ActiveCfg = Debug|Any CPU
		{FAC7073B-2624-4D6C-A227-BE40B6BFF5C2}.Debug|Any CPU.Build.0 = Debug|Any CPU
		{FAC7073B-2624-4D6C-A227-BE40B6BFF5C2}.Release|Any CPU.ActiveCfg = Release|Any CPU
		{FAC7073B-2624-4D6C-A227-BE40B6BFF5C2}.Release|Any CPU.Build.0 = Release|Any CPU
		{A39FE5D0-3115-4297-AC1B-34D5D8ED31FB}.Debug|Any CPU.ActiveCfg = Debug|Any CPU
		{A39FE5D0-3115-4297-AC1B-34D5D8ED31FB}.Debug|Any CPU.Build.0 = Debug|Any CPU
		{A39FE5D0-3115-4297-AC1B-34D5D8ED31FB}.Release|Any CPU.ActiveCfg = Release|Any CPU
		{A39FE5D0-3115-4297-AC1B-34D5D8ED31FB}.Release|Any CPU.Build.0 = Release|Any CPU
		{AF88BF03-E89A-4685-AC80-EB258E88654E}.Debug|Any CPU.ActiveCfg = Debug|Any CPU
		{AF88BF03-E89A-4685-AC80-EB258E88654E}.Debug|Any CPU.Build.0 = Debug|Any CPU
		{AF88BF03-E89A-4685-AC80-EB258E88654E}.Release|Any CPU.ActiveCfg = Release|Any CPU
		{AF88BF03-E89A-4685-AC80-EB258E88654E}.Release|Any CPU.Build.0 = Release|Any CPU
		{A5CC173B-2787-4E6A-8B85-6975D873B5F6}.Debug|Any CPU.ActiveCfg = Debug|Any CPU
		{A5CC173B-2787-4E6A-8B85-6975D873B5F6}.Debug|Any CPU.Build.0 = Debug|Any CPU
		{A5CC173B-2787-4E6A-8B85-6975D873B5F6}.Release|Any CPU.ActiveCfg = Release|Any CPU
		{A5CC173B-2787-4E6A-8B85-6975D873B5F6}.Release|Any CPU.Build.0 = Release|Any CPU
		{39D0F23B-58AC-46B5-9470-E64EFB243AE1}.Debug|Any CPU.ActiveCfg = Debug|Any CPU
		{39D0F23B-58AC-46B5-9470-E64EFB243AE1}.Debug|Any CPU.Build.0 = Debug|Any CPU
		{39D0F23B-58AC-46B5-9470-E64EFB243AE1}.Release|Any CPU.ActiveCfg = Release|Any CPU
		{39D0F23B-58AC-46B5-9470-E64EFB243AE1}.Release|Any CPU.Build.0 = Release|Any CPU
		{AF1488A7-4DB0-4367-B12D-ABDD31D1886D}.Debug|Any CPU.ActiveCfg = Debug|Any CPU
		{AF1488A7-4DB0-4367-B12D-ABDD31D1886D}.Debug|Any CPU.Build.0 = Debug|Any CPU
		{AF1488A7-4DB0-4367-B12D-ABDD31D1886D}.Release|Any CPU.ActiveCfg = Release|Any CPU
		{AF1488A7-4DB0-4367-B12D-ABDD31D1886D}.Release|Any CPU.Build.0 = Release|Any CPU
		{179DC36D-AA2F-4183-A3B1-FC60E697949A}.Debug|Any CPU.ActiveCfg = Debug|Any CPU
		{179DC36D-AA2F-4183-A3B1-FC60E697949A}.Debug|Any CPU.Build.0 = Debug|Any CPU
		{179DC36D-AA2F-4183-A3B1-FC60E697949A}.Release|Any CPU.ActiveCfg = Release|Any CPU
		{179DC36D-AA2F-4183-A3B1-FC60E697949A}.Release|Any CPU.Build.0 = Release|Any CPU
		{F484F085-6D92-4363-B249-CA753A840F4B}.Debug|Any CPU.ActiveCfg = Debug|Any CPU
		{F484F085-6D92-4363-B249-CA753A840F4B}.Debug|Any CPU.Build.0 = Debug|Any CPU
		{F484F085-6D92-4363-B249-CA753A840F4B}.Release|Any CPU.ActiveCfg = Release|Any CPU
		{F484F085-6D92-4363-B249-CA753A840F4B}.Release|Any CPU.Build.0 = Release|Any CPU
		{7F953FEF-BF4B-4821-B4B7-513C0EB6CBFA}.Debug|Any CPU.ActiveCfg = Debug|Any CPU
		{7F953FEF-BF4B-4821-B4B7-513C0EB6CBFA}.Debug|Any CPU.Build.0 = Debug|Any CPU
		{7F953FEF-BF4B-4821-B4B7-513C0EB6CBFA}.Release|Any CPU.ActiveCfg = Release|Any CPU
		{7F953FEF-BF4B-4821-B4B7-513C0EB6CBFA}.Release|Any CPU.Build.0 = Release|Any CPU
		{1B1BFD4F-B1DC-400F-9447-9040EF03B418}.Debug|Any CPU.ActiveCfg = Debug|Any CPU
		{1B1BFD4F-B1DC-400F-9447-9040EF03B418}.Debug|Any CPU.Build.0 = Debug|Any CPU
		{1B1BFD4F-B1DC-400F-9447-9040EF03B418}.Release|Any CPU.ActiveCfg = Release|Any CPU
		{1B1BFD4F-B1DC-400F-9447-9040EF03B418}.Release|Any CPU.Build.0 = Release|Any CPU
		{54772F56-3897-46A8-8772-F09B66012043}.Debug|Any CPU.ActiveCfg = Debug|Any CPU
		{54772F56-3897-46A8-8772-F09B66012043}.Debug|Any CPU.Build.0 = Debug|Any CPU
		{54772F56-3897-46A8-8772-F09B66012043}.Release|Any CPU.ActiveCfg = Release|Any CPU
		{54772F56-3897-46A8-8772-F09B66012043}.Release|Any CPU.Build.0 = Release|Any CPU
		{C2008BC2-F69B-4F29-9FF2-FEEF2072251A}.Debug|Any CPU.ActiveCfg = Debug|Any CPU
		{C2008BC2-F69B-4F29-9FF2-FEEF2072251A}.Debug|Any CPU.Build.0 = Debug|Any CPU
		{C2008BC2-F69B-4F29-9FF2-FEEF2072251A}.Release|Any CPU.ActiveCfg = Release|Any CPU
		{C2008BC2-F69B-4F29-9FF2-FEEF2072251A}.Release|Any CPU.Build.0 = Release|Any CPU
		{2DD6D96C-BFA2-44F8-A62D-42BC2FDBA377}.Debug|Any CPU.ActiveCfg = Debug|Any CPU
		{2DD6D96C-BFA2-44F8-A62D-42BC2FDBA377}.Debug|Any CPU.Build.0 = Debug|Any CPU
		{2DD6D96C-BFA2-44F8-A62D-42BC2FDBA377}.Release|Any CPU.ActiveCfg = Release|Any CPU
		{2DD6D96C-BFA2-44F8-A62D-42BC2FDBA377}.Release|Any CPU.Build.0 = Release|Any CPU
		{141E42E1-24C2-43DE-8E65-41D6CA42917F}.Debug|Any CPU.ActiveCfg = Debug|Any CPU
		{141E42E1-24C2-43DE-8E65-41D6CA42917F}.Debug|Any CPU.Build.0 = Debug|Any CPU
		{141E42E1-24C2-43DE-8E65-41D6CA42917F}.Release|Any CPU.ActiveCfg = Release|Any CPU
		{141E42E1-24C2-43DE-8E65-41D6CA42917F}.Release|Any CPU.Build.0 = Release|Any CPU
	EndGlobalSection
	GlobalSection(SolutionProperties) = preSolution
		HideSolutionNode = FALSE
	EndGlobalSection
	GlobalSection(NestedProjects) = preSolution
		{84A76869-EA25-4F1B-B3B5-04AF7DF18375} = {AF3FE10D-6533-4CFC-9F00-06BD7874A1BB}
		{2F98DF95-64FE-4F67-A6F4-AEAD20999E8A} = {AF3FE10D-6533-4CFC-9F00-06BD7874A1BB}
		{CA4ED67D-A756-44CE-8239-82D414DD83A1} = {AF3FE10D-6533-4CFC-9F00-06BD7874A1BB}
		{2A30685B-0420-4EF8-934D-6913358BA891} = {AF3FE10D-6533-4CFC-9F00-06BD7874A1BB}
		{B0DA3005-4779-4A7D-AF26-AA1ACAF6D7B4} = {AF3FE10D-6533-4CFC-9F00-06BD7874A1BB}
		{E3FD197C-E9A6-4F41-B7CF-5181EA907A40} = {AF3FE10D-6533-4CFC-9F00-06BD7874A1BB}
		{BECAC2AF-3650-40FB-9118-49656AEAC281} = {AF3FE10D-6533-4CFC-9F00-06BD7874A1BB}
		{950FCC93-1595-42F0-AE31-80EBC9D73EA5} = {AF3FE10D-6533-4CFC-9F00-06BD7874A1BB}
		{154126E5-F1A2-41DE-A16A-D069B15525F6} = {AF3FE10D-6533-4CFC-9F00-06BD7874A1BB}
		{E4E2D969-CABF-4A9B-B900-B871924AD6E4} = {AF3FE10D-6533-4CFC-9F00-06BD7874A1BB}
		{FAC7073B-2624-4D6C-A227-BE40B6BFF5C2} = {AF3FE10D-6533-4CFC-9F00-06BD7874A1BB}
		{A39FE5D0-3115-4297-AC1B-34D5D8ED31FB} = {AF3FE10D-6533-4CFC-9F00-06BD7874A1BB}
		{2340E349-1BD9-4BB8-B7FE-A707635DFDBC} = {529F8EA9-0FFD-4E29-B386-547025F214AA}
		{AF88BF03-E89A-4685-AC80-EB258E88654E} = {08915A5A-E916-41CB-9C85-7358DB4ED1A9}
		{63C1F016-8774-4BC5-869D-2BB2EB8A7FF7} = {529F8EA9-0FFD-4E29-B386-547025F214AA}
		{A5CC173B-2787-4E6A-8B85-6975D873B5F6} = {63C1F016-8774-4BC5-869D-2BB2EB8A7FF7}
		{39D0F23B-58AC-46B5-9470-E64EFB243AE1} = {63C1F016-8774-4BC5-869D-2BB2EB8A7FF7}
		{AF1488A7-4DB0-4367-B12D-ABDD31D1886D} = {2340E349-1BD9-4BB8-B7FE-A707635DFDBC}
		{179DC36D-AA2F-4183-A3B1-FC60E697949A} = {2340E349-1BD9-4BB8-B7FE-A707635DFDBC}
		{F484F085-6D92-4363-B249-CA753A840F4B} = {2340E349-1BD9-4BB8-B7FE-A707635DFDBC}
		{8D29B3DF-E46A-4A4D-B045-7906442B7282} = {08915A5A-E916-41CB-9C85-7358DB4ED1A9}
		{7F953FEF-BF4B-4821-B4B7-513C0EB6CBFA} = {8D29B3DF-E46A-4A4D-B045-7906442B7282}
		{1B1BFD4F-B1DC-400F-9447-9040EF03B418} = {8D29B3DF-E46A-4A4D-B045-7906442B7282}
		{54772F56-3897-46A8-8772-F09B66012043} = {A6C15338-7657-4270-AFAF-962DC5DB9F24}
		{C2008BC2-F69B-4F29-9FF2-FEEF2072251A} = {529F8EA9-0FFD-4E29-B386-547025F214AA}
		{2DD6D96C-BFA2-44F8-A62D-42BC2FDBA377} = {C265CD69-3C8D-40B8-B5B1-8A2C4C953597}
		{141E42E1-24C2-43DE-8E65-41D6CA42917F} = {C265CD69-3C8D-40B8-B5B1-8A2C4C953597}
	EndGlobalSection
	GlobalSection(ExtensibilityGlobals) = postSolution
		SolutionGuid = {AFC5F893-16A3-441E-9DC6-2E23DD53C158}
	EndGlobalSection
EndGlobal
