
Microsoft Visual Studio Solution File, Format Version 12.00
# Visual Studio Version 17
VisualStudioVersion = 17.0.31808.319
MinimumVisualStudioVersion = 10.0.40219.1
Project("{9A19103F-16F7-4668-BE54-9A1E7A4F7556}") = "Repository", "Repository\Repository.csproj", "{FC09917F-AC87-4576-82A3-A5CD4915ED54}"
EndProject
Project("{2150E333-8FDC-42A3-9474-1A3956D46DE8}") = "Infrastructure", "Infrastructure", "{AF3FE10D-6533-4CFC-9F00-06BD7874A1BB}"
EndProject
Project("{9A19103F-16F7-4668-BE54-9A1E7A4F7556}") = "Repository.Tool", "Repository.Tool\Repository.Tool.csproj", "{4C69CB45-5959-4796-84C6-A1906EB12826}"
EndProject
Project("{9A19103F-16F7-4668-BE54-9A1E7A4F7556}") = "Common", "Infrastructure\Common\Common.csproj", "{84A76869-EA25-4F1B-B3B5-04AF7DF18375}"
EndProject
Project("{9A19103F-16F7-4668-BE54-9A1E7A4F7556}") = "DistributedLock", "Infrastructure\DistributedLock\DistributedLock.csproj", "{2F98DF95-64FE-4F67-A6F4-AEAD20999E8A}"
EndProject
Project("{9A19103F-16F7-4668-BE54-9A1E7A4F7556}") = "DistributedLock.Redis", "Infrastructure\DistributedLock.Redis\DistributedLock.Redis.csproj", "{CA4ED67D-A756-44CE-8239-82D414DD83A1}"
EndProject
Project("{9A19103F-16F7-4668-BE54-9A1E7A4F7556}") = "FileStorage", "Infrastructure\FileStorage\FileStorage.csproj", "{2A30685B-0420-4EF8-934D-6913358BA891}"
EndProject
Project("{9A19103F-16F7-4668-BE54-9A1E7A4F7556}") = "FileStorage.AliCloud", "Infrastructure\FileStorage.AliCloud\FileStorage.AliCloud.csproj", "{B0DA3005-4779-4A7D-AF26-AA1ACAF6D7B4}"
EndProject
Project("{9A19103F-16F7-4668-BE54-9A1E7A4F7556}") = "FileStorage.TencentCloud", "Infrastructure\FileStorage.TencentCloud\FileStorage.TencentCloud.csproj", "{E3FD197C-E9A6-4F41-B7CF-5181EA907A40}"
EndProject
Project("{9A19103F-16F7-4668-BE54-9A1E7A4F7556}") = "IdentifierGenerator", "Infrastructure\IdentifierGenerator\IdentifierGenerator.csproj", "{BECAC2AF-3650-40FB-9118-49656AEAC281}"
EndProject
Project("{9A19103F-16F7-4668-BE54-9A1E7A4F7556}") = "Logger.DataBase", "Infrastructure\Logger.DataBase\Logger.DataBase.csproj", "{950FCC93-1595-42F0-AE31-80EBC9D73EA5}"
EndProject
Project("{9A19103F-16F7-4668-BE54-9A1E7A4F7556}") = "Logger.LocalFile", "Infrastructure\Logger.LocalFile\Logger.LocalFile.csproj", "{154126E5-F1A2-41DE-A16A-D069B15525F6}"
EndProject
Project("{9A19103F-16F7-4668-BE54-9A1E7A4F7556}") = "SMS", "Infrastructure\SMS\SMS.csproj", "{E4E2D969-CABF-4A9B-B900-B871924AD6E4}"
EndProject
Project("{9A19103F-16F7-4668-BE54-9A1E7A4F7556}") = "SMS.AliCloud", "Infrastructure\SMS.AliCloud\SMS.AliCloud.csproj", "{FAC7073B-2624-4D6C-A227-BE40B6BFF5C2}"
EndProject
Project("{9A19103F-16F7-4668-BE54-9A1E7A4F7556}") = "SMS.TencentCloud", "Infrastructure\SMS.TencentCloud\SMS.TencentCloud.csproj", "{A39FE5D0-3115-4297-AC1B-34D5D8ED31FB}"
EndProject
Project("{2150E333-8FDC-42A3-9474-1A3956D46DE8}") = "Application", "Application", "{529F8EA9-0FFD-4E29-B386-547025F214AA}"
EndProject
Project("{2150E333-8FDC-42A3-9474-1A3956D46DE8}") = "Presentation", "Presentation", "{08915A5A-E916-41CB-9C85-7358DB4ED1A9}"
EndProject
Project("{2150E333-8FDC-42A3-9474-1A3956D46DE8}") = "ProjectCore", "ProjectCore", "{C265CD69-3C8D-40B8-B5B1-8A2C4C953597}"
EndProject
Project("{9A19103F-16F7-4668-BE54-9A1E7A4F7556}") = "TaskService.Core", "ProjectCore\TaskService.Core\TaskService.Core.csproj", "{2DD6D96C-BFA2-44F8-A62D-42BC2FDBA377}"
EndProject
Project("{9A19103F-16F7-4668-BE54-9A1E7A4F7556}") = "WebAPI.Core", "ProjectCore\WebAPI.Core\WebAPI.Core.csproj", "{141E42E1-24C2-43DE-8E65-41D6CA42917F}"
EndProject
Project("{FAE04EC0-301F-11D3-BF4B-00C04F79EFBC}") = "Admin.App", "Presentation\Admin.App\Admin.App.csproj", "{3B7518E6-79B3-4686-AC78-DDD6C10713E5}"
EndProject
Project("{FAE04EC0-301F-11D3-BF4B-00C04F79EFBC}") = "Admin.WebAPI", "Presentation\Admin.WebAPI\Admin.WebAPI.csproj", "{D7D1FB1E-4FDF-485B-953F-412759AF7D3D}"
EndProject
Project("{FAE04EC0-301F-11D3-BF4B-00C04F79EFBC}") = "Client.WebAPI", "Presentation\Client.WebAPI\Client.WebAPI.csproj", "{9D1200A1-9F90-41A2-80DE-B02371390D3E}"
EndProject
Project("{FAE04EC0-301F-11D3-BF4B-00C04F79EFBC}") = "TaskService", "Presentation\TaskService\TaskService.csproj", "{F89CF710-5D8E-420A-A5C5-8C8EAFC52FFA}"
EndProject
Project("{FAE04EC0-301F-11D3-BF4B-00C04F79EFBC}") = "Repository.Enum", "Repository.Enum\Repository.Enum.csproj", "{0E00D13E-0CE0-4DC9-A4CB-BE1E5EDB9459}"
EndProject
Project("{FAE04EC0-301F-11D3-BF4B-00C04F79EFBC}") = "Application.Model", "Application\Application.Model\Application.Model.csproj", "{F1602D4F-51E2-4E1C-A9C7-49B501E8004B}"
EndProject
Project("{FAE04EC0-301F-11D3-BF4B-00C04F79EFBC}") = "Repository.Column", "Repository.Column\Repository.Column.csproj", "{822B72A8-5F28-41AD-B5C8-E8EC1F51CA15}"
EndProject
Project("{FAE04EC0-301F-11D3-BF4B-00C04F79EFBC}") = "Application.Interface", "Application\Application.Interface\Application.Interface.csproj", "{7929D5F5-09EA-913E-165F-DBA541168418}"
EndProject
Project("{FAE04EC0-301F-11D3-BF4B-00C04F79EFBC}") = "Application.Service", "Application\Application.Service\Application.Service.csproj", "{0B786910-68A7-7E70-FAF8-DF2BEC12CFF2}"
EndProject
Project("{2150E333-8FDC-42A3-9474-1A3956D46DE8}") = "SourceGenerator", "SourceGenerator", "{02EA681E-C7D8-13C7-8484-4AC65E1B71E8}"
EndProject
Project("{FAE04EC0-301F-11D3-BF4B-00C04F79EFBC}") = "SourceGenerator.Abstraction", "SourceGenerator\SourceGenerator.Abstraction\SourceGenerator.Abstraction.csproj", "{06877C59-9021-4481-A062-8123B0318FB3}"
EndProject
Project("{FAE04EC0-301F-11D3-BF4B-00C04F79EFBC}") = "SourceGenerator.Core", "SourceGenerator\SourceGenerator.Core\SourceGenerator.Core.csproj", "{790629EF-4675-4617-9113-5E30F7E0835D}"
EndProject
Project("{FAE04EC0-301F-11D3-BF4B-00C04F79EFBC}") = "SourceGenerator.Runtime", "SourceGenerator\SourceGenerator.Runtime\SourceGenerator.Runtime.csproj", "{A6503F61-7B9D-42A0-8482-3EBC2E583E45}"
EndProject
Global
	GlobalSection(SolutionConfigurationPlatforms) = preSolution
		Debug|Any CPU = Debug|Any CPU
		Debug|x64 = Debug|x64
		Debug|x86 = Debug|x86
		Release|Any CPU = Release|Any CPU
		Release|x64 = Release|x64
		Release|x86 = Release|x86
	EndGlobalSection
	GlobalSection(ProjectConfigurationPlatforms) = postSolution
		{FC09917F-AC87-4576-82A3-A5CD4915ED54}.Debug|Any CPU.ActiveCfg = Debug|Any CPU
		{FC09917F-AC87-4576-82A3-A5CD4915ED54}.Debug|Any CPU.Build.0 = Debug|Any CPU
		{FC09917F-AC87-4576-82A3-A5CD4915ED54}.Debug|x64.ActiveCfg = Debug|Any CPU
		{FC09917F-AC87-4576-82A3-A5CD4915ED54}.Debug|x64.Build.0 = Debug|Any CPU
		{FC09917F-AC87-4576-82A3-A5CD4915ED54}.Debug|x86.ActiveCfg = Debug|Any CPU
		{FC09917F-AC87-4576-82A3-A5CD4915ED54}.Debug|x86.Build.0 = Debug|Any CPU
		{FC09917F-AC87-4576-82A3-A5CD4915ED54}.Release|Any CPU.ActiveCfg = Release|Any CPU
		{FC09917F-AC87-4576-82A3-A5CD4915ED54}.Release|Any CPU.Build.0 = Release|Any CPU
		{FC09917F-AC87-4576-82A3-A5CD4915ED54}.Release|x64.ActiveCfg = Release|Any CPU
		{FC09917F-AC87-4576-82A3-A5CD4915ED54}.Release|x64.Build.0 = Release|Any CPU
		{FC09917F-AC87-4576-82A3-A5CD4915ED54}.Release|x86.ActiveCfg = Release|Any CPU
		{FC09917F-AC87-4576-82A3-A5CD4915ED54}.Release|x86.Build.0 = Release|Any CPU
		{4C69CB45-5959-4796-84C6-A1906EB12826}.Debug|Any CPU.ActiveCfg = Debug|Any CPU
		{4C69CB45-5959-4796-84C6-A1906EB12826}.Debug|Any CPU.Build.0 = Debug|Any CPU
		{4C69CB45-5959-4796-84C6-A1906EB12826}.Debug|x64.ActiveCfg = Debug|Any CPU
		{4C69CB45-5959-4796-84C6-A1906EB12826}.Debug|x64.Build.0 = Debug|Any CPU
		{4C69CB45-5959-4796-84C6-A1906EB12826}.Debug|x86.ActiveCfg = Debug|Any CPU
		{4C69CB45-5959-4796-84C6-A1906EB12826}.Debug|x86.Build.0 = Debug|Any CPU
		{4C69CB45-5959-4796-84C6-A1906EB12826}.Release|Any CPU.ActiveCfg = Release|Any CPU
		{4C69CB45-5959-4796-84C6-A1906EB12826}.Release|Any CPU.Build.0 = Release|Any CPU
		{4C69CB45-5959-4796-84C6-A1906EB12826}.Release|x64.ActiveCfg = Release|Any CPU
		{4C69CB45-5959-4796-84C6-A1906EB12826}.Release|x64.Build.0 = Release|Any CPU
		{4C69CB45-5959-4796-84C6-A1906EB12826}.Release|x86.ActiveCfg = Release|Any CPU
		{4C69CB45-5959-4796-84C6-A1906EB12826}.Release|x86.Build.0 = Release|Any CPU
		{84A76869-EA25-4F1B-B3B5-04AF7DF18375}.Debug|Any CPU.ActiveCfg = Debug|Any CPU
		{84A76869-EA25-4F1B-B3B5-04AF7DF18375}.Debug|Any CPU.Build.0 = Debug|Any CPU
		{84A76869-EA25-4F1B-B3B5-04AF7DF18375}.Debug|x64.ActiveCfg = Debug|Any CPU
		{84A76869-EA25-4F1B-B3B5-04AF7DF18375}.Debug|x64.Build.0 = Debug|Any CPU
		{84A76869-EA25-4F1B-B3B5-04AF7DF18375}.Debug|x86.ActiveCfg = Debug|Any CPU
		{84A76869-EA25-4F1B-B3B5-04AF7DF18375}.Debug|x86.Build.0 = Debug|Any CPU
		{84A76869-EA25-4F1B-B3B5-04AF7DF18375}.Release|Any CPU.ActiveCfg = Release|Any CPU
		{84A76869-EA25-4F1B-B3B5-04AF7DF18375}.Release|Any CPU.Build.0 = Release|Any CPU
		{84A76869-EA25-4F1B-B3B5-04AF7DF18375}.Release|x64.ActiveCfg = Release|Any CPU
		{84A76869-EA25-4F1B-B3B5-04AF7DF18375}.Release|x64.Build.0 = Release|Any CPU
		{84A76869-EA25-4F1B-B3B5-04AF7DF18375}.Release|x86.ActiveCfg = Release|Any CPU
		{84A76869-EA25-4F1B-B3B5-04AF7DF18375}.Release|x86.Build.0 = Release|Any CPU
		{2F98DF95-64FE-4F67-A6F4-AEAD20999E8A}.Debug|Any CPU.ActiveCfg = Debug|Any CPU
		{2F98DF95-64FE-4F67-A6F4-AEAD20999E8A}.Debug|Any CPU.Build.0 = Debug|Any CPU
		{2F98DF95-64FE-4F67-A6F4-AEAD20999E8A}.Debug|x64.ActiveCfg = Debug|Any CPU
		{2F98DF95-64FE-4F67-A6F4-AEAD20999E8A}.Debug|x64.Build.0 = Debug|Any CPU
		{2F98DF95-64FE-4F67-A6F4-AEAD20999E8A}.Debug|x86.ActiveCfg = Debug|Any CPU
		{2F98DF95-64FE-4F67-A6F4-AEAD20999E8A}.Debug|x86.Build.0 = Debug|Any CPU
		{2F98DF95-64FE-4F67-A6F4-AEAD20999E8A}.Release|Any CPU.ActiveCfg = Release|Any CPU
		{2F98DF95-64FE-4F67-A6F4-AEAD20999E8A}.Release|Any CPU.Build.0 = Release|Any CPU
		{2F98DF95-64FE-4F67-A6F4-AEAD20999E8A}.Release|x64.ActiveCfg = Release|Any CPU
		{2F98DF95-64FE-4F67-A6F4-AEAD20999E8A}.Release|x64.Build.0 = Release|Any CPU
		{2F98DF95-64FE-4F67-A6F4-AEAD20999E8A}.Release|x86.ActiveCfg = Release|Any CPU
		{2F98DF95-64FE-4F67-A6F4-AEAD20999E8A}.Release|x86.Build.0 = Release|Any CPU
		{CA4ED67D-A756-44CE-8239-82D414DD83A1}.Debug|Any CPU.ActiveCfg = Debug|Any CPU
		{CA4ED67D-A756-44CE-8239-82D414DD83A1}.Debug|Any CPU.Build.0 = Debug|Any CPU
		{CA4ED67D-A756-44CE-8239-82D414DD83A1}.Debug|x64.ActiveCfg = Debug|Any CPU
		{CA4ED67D-A756-44CE-8239-82D414DD83A1}.Debug|x64.Build.0 = Debug|Any CPU
		{CA4ED67D-A756-44CE-8239-82D414DD83A1}.Debug|x86.ActiveCfg = Debug|Any CPU
		{CA4ED67D-A756-44CE-8239-82D414DD83A1}.Debug|x86.Build.0 = Debug|Any CPU
		{CA4ED67D-A756-44CE-8239-82D414DD83A1}.Release|Any CPU.ActiveCfg = Release|Any CPU
		{CA4ED67D-A756-44CE-8239-82D414DD83A1}.Release|Any CPU.Build.0 = Release|Any CPU
		{CA4ED67D-A756-44CE-8239-82D414DD83A1}.Release|x64.ActiveCfg = Release|Any CPU
		{CA4ED67D-A756-44CE-8239-82D414DD83A1}.Release|x64.Build.0 = Release|Any CPU
		{CA4ED67D-A756-44CE-8239-82D414DD83A1}.Release|x86.ActiveCfg = Release|Any CPU
		{CA4ED67D-A756-44CE-8239-82D414DD83A1}.Release|x86.Build.0 = Release|Any CPU
		{2A30685B-0420-4EF8-934D-6913358BA891}.Debug|Any CPU.ActiveCfg = Debug|Any CPU
		{2A30685B-0420-4EF8-934D-6913358BA891}.Debug|Any CPU.Build.0 = Debug|Any CPU
		{2A30685B-0420-4EF8-934D-6913358BA891}.Debug|x64.ActiveCfg = Debug|Any CPU
		{2A30685B-0420-4EF8-934D-6913358BA891}.Debug|x64.Build.0 = Debug|Any CPU
		{2A30685B-0420-4EF8-934D-6913358BA891}.Debug|x86.ActiveCfg = Debug|Any CPU
		{2A30685B-0420-4EF8-934D-6913358BA891}.Debug|x86.Build.0 = Debug|Any CPU
		{2A30685B-0420-4EF8-934D-6913358BA891}.Release|Any CPU.ActiveCfg = Release|Any CPU
		{2A30685B-0420-4EF8-934D-6913358BA891}.Release|Any CPU.Build.0 = Release|Any CPU
		{2A30685B-0420-4EF8-934D-6913358BA891}.Release|x64.ActiveCfg = Release|Any CPU
		{2A30685B-0420-4EF8-934D-6913358BA891}.Release|x64.Build.0 = Release|Any CPU
		{2A30685B-0420-4EF8-934D-6913358BA891}.Release|x86.ActiveCfg = Release|Any CPU
		{2A30685B-0420-4EF8-934D-6913358BA891}.Release|x86.Build.0 = Release|Any CPU
		{B0DA3005-4779-4A7D-AF26-AA1ACAF6D7B4}.Debug|Any CPU.ActiveCfg = Debug|Any CPU
		{B0DA3005-4779-4A7D-AF26-AA1ACAF6D7B4}.Debug|Any CPU.Build.0 = Debug|Any CPU
		{B0DA3005-4779-4A7D-AF26-AA1ACAF6D7B4}.Debug|x64.ActiveCfg = Debug|Any CPU
		{B0DA3005-4779-4A7D-AF26-AA1ACAF6D7B4}.Debug|x64.Build.0 = Debug|Any CPU
		{B0DA3005-4779-4A7D-AF26-AA1ACAF6D7B4}.Debug|x86.ActiveCfg = Debug|Any CPU
		{B0DA3005-4779-4A7D-AF26-AA1ACAF6D7B4}.Debug|x86.Build.0 = Debug|Any CPU
		{B0DA3005-4779-4A7D-AF26-AA1ACAF6D7B4}.Release|Any CPU.ActiveCfg = Release|Any CPU
		{B0DA3005-4779-4A7D-AF26-AA1ACAF6D7B4}.Release|Any CPU.Build.0 = Release|Any CPU
		{B0DA3005-4779-4A7D-AF26-AA1ACAF6D7B4}.Release|x64.ActiveCfg = Release|Any CPU
		{B0DA3005-4779-4A7D-AF26-AA1ACAF6D7B4}.Release|x64.Build.0 = Release|Any CPU
		{B0DA3005-4779-4A7D-AF26-AA1ACAF6D7B4}.Release|x86.ActiveCfg = Release|Any CPU
		{B0DA3005-4779-4A7D-AF26-AA1ACAF6D7B4}.Release|x86.Build.0 = Release|Any CPU
		{E3FD197C-E9A6-4F41-B7CF-5181EA907A40}.Debug|Any CPU.ActiveCfg = Debug|Any CPU
		{E3FD197C-E9A6-4F41-B7CF-5181EA907A40}.Debug|Any CPU.Build.0 = Debug|Any CPU
		{E3FD197C-E9A6-4F41-B7CF-5181EA907A40}.Debug|x64.ActiveCfg = Debug|Any CPU
		{E3FD197C-E9A6-4F41-B7CF-5181EA907A40}.Debug|x64.Build.0 = Debug|Any CPU
		{E3FD197C-E9A6-4F41-B7CF-5181EA907A40}.Debug|x86.ActiveCfg = Debug|Any CPU
		{E3FD197C-E9A6-4F41-B7CF-5181EA907A40}.Debug|x86.Build.0 = Debug|Any CPU
		{E3FD197C-E9A6-4F41-B7CF-5181EA907A40}.Release|Any CPU.ActiveCfg = Release|Any CPU
		{E3FD197C-E9A6-4F41-B7CF-5181EA907A40}.Release|Any CPU.Build.0 = Release|Any CPU
		{E3FD197C-E9A6-4F41-B7CF-5181EA907A40}.Release|x64.ActiveCfg = Release|Any CPU
		{E3FD197C-E9A6-4F41-B7CF-5181EA907A40}.Release|x64.Build.0 = Release|Any CPU
		{E3FD197C-E9A6-4F41-B7CF-5181EA907A40}.Release|x86.ActiveCfg = Release|Any CPU
		{E3FD197C-E9A6-4F41-B7CF-5181EA907A40}.Release|x86.Build.0 = Release|Any CPU
		{BECAC2AF-3650-40FB-9118-49656AEAC281}.Debug|Any CPU.ActiveCfg = Debug|Any CPU
		{BECAC2AF-3650-40FB-9118-49656AEAC281}.Debug|Any CPU.Build.0 = Debug|Any CPU
		{BECAC2AF-3650-40FB-9118-49656AEAC281}.Debug|x64.ActiveCfg = Debug|Any CPU
		{BECAC2AF-3650-40FB-9118-49656AEAC281}.Debug|x64.Build.0 = Debug|Any CPU
		{BECAC2AF-3650-40FB-9118-49656AEAC281}.Debug|x86.ActiveCfg = Debug|Any CPU
		{BECAC2AF-3650-40FB-9118-49656AEAC281}.Debug|x86.Build.0 = Debug|Any CPU
		{BECAC2AF-3650-40FB-9118-49656AEAC281}.Release|Any CPU.ActiveCfg = Release|Any CPU
		{BECAC2AF-3650-40FB-9118-49656AEAC281}.Release|Any CPU.Build.0 = Release|Any CPU
		{BECAC2AF-3650-40FB-9118-49656AEAC281}.Release|x64.ActiveCfg = Release|Any CPU
		{BECAC2AF-3650-40FB-9118-49656AEAC281}.Release|x64.Build.0 = Release|Any CPU
		{BECAC2AF-3650-40FB-9118-49656AEAC281}.Release|x86.ActiveCfg = Release|Any CPU
		{BECAC2AF-3650-40FB-9118-49656AEAC281}.Release|x86.Build.0 = Release|Any CPU
		{950FCC93-1595-42F0-AE31-80EBC9D73EA5}.Debug|Any CPU.ActiveCfg = Debug|Any CPU
		{950FCC93-1595-42F0-AE31-80EBC9D73EA5}.Debug|Any CPU.Build.0 = Debug|Any CPU
		{950FCC93-1595-42F0-AE31-80EBC9D73EA5}.Debug|x64.ActiveCfg = Debug|Any CPU
		{950FCC93-1595-42F0-AE31-80EBC9D73EA5}.Debug|x64.Build.0 = Debug|Any CPU
		{950FCC93-1595-42F0-AE31-80EBC9D73EA5}.Debug|x86.ActiveCfg = Debug|Any CPU
		{950FCC93-1595-42F0-AE31-80EBC9D73EA5}.Debug|x86.Build.0 = Debug|Any CPU
		{950FCC93-1595-42F0-AE31-80EBC9D73EA5}.Release|Any CPU.ActiveCfg = Release|Any CPU
		{950FCC93-1595-42F0-AE31-80EBC9D73EA5}.Release|Any CPU.Build.0 = Release|Any CPU
		{950FCC93-1595-42F0-AE31-80EBC9D73EA5}.Release|x64.ActiveCfg = Release|Any CPU
		{950FCC93-1595-42F0-AE31-80EBC9D73EA5}.Release|x64.Build.0 = Release|Any CPU
		{950FCC93-1595-42F0-AE31-80EBC9D73EA5}.Release|x86.ActiveCfg = Release|Any CPU
		{950FCC93-1595-42F0-AE31-80EBC9D73EA5}.Release|x86.Build.0 = Release|Any CPU
		{154126E5-F1A2-41DE-A16A-D069B15525F6}.Debug|Any CPU.ActiveCfg = Debug|Any CPU
		{154126E5-F1A2-41DE-A16A-D069B15525F6}.Debug|Any CPU.Build.0 = Debug|Any CPU
		{154126E5-F1A2-41DE-A16A-D069B15525F6}.Debug|x64.ActiveCfg = Debug|Any CPU
		{154126E5-F1A2-41DE-A16A-D069B15525F6}.Debug|x64.Build.0 = Debug|Any CPU
		{154126E5-F1A2-41DE-A16A-D069B15525F6}.Debug|x86.ActiveCfg = Debug|Any CPU
		{154126E5-F1A2-41DE-A16A-D069B15525F6}.Debug|x86.Build.0 = Debug|Any CPU
		{154126E5-F1A2-41DE-A16A-D069B15525F6}.Release|Any CPU.ActiveCfg = Release|Any CPU
		{154126E5-F1A2-41DE-A16A-D069B15525F6}.Release|Any CPU.Build.0 = Release|Any CPU
		{154126E5-F1A2-41DE-A16A-D069B15525F6}.Release|x64.ActiveCfg = Release|Any CPU
		{154126E5-F1A2-41DE-A16A-D069B15525F6}.Release|x64.Build.0 = Release|Any CPU
		{154126E5-F1A2-41DE-A16A-D069B15525F6}.Release|x86.ActiveCfg = Release|Any CPU
		{154126E5-F1A2-41DE-A16A-D069B15525F6}.Release|x86.Build.0 = Release|Any CPU
		{E4E2D969-CABF-4A9B-B900-B871924AD6E4}.Debug|Any CPU.ActiveCfg = Debug|Any CPU
		{E4E2D969-CABF-4A9B-B900-B871924AD6E4}.Debug|Any CPU.Build.0 = Debug|Any CPU
		{E4E2D969-CABF-4A9B-B900-B871924AD6E4}.Debug|x64.ActiveCfg = Debug|Any CPU
		{E4E2D969-CABF-4A9B-B900-B871924AD6E4}.Debug|x64.Build.0 = Debug|Any CPU
		{E4E2D969-CABF-4A9B-B900-B871924AD6E4}.Debug|x86.ActiveCfg = Debug|Any CPU
		{E4E2D969-CABF-4A9B-B900-B871924AD6E4}.Debug|x86.Build.0 = Debug|Any CPU
		{E4E2D969-CABF-4A9B-B900-B871924AD6E4}.Release|Any CPU.ActiveCfg = Release|Any CPU
		{E4E2D969-CABF-4A9B-B900-B871924AD6E4}.Release|Any CPU.Build.0 = Release|Any CPU
		{E4E2D969-CABF-4A9B-B900-B871924AD6E4}.Release|x64.ActiveCfg = Release|Any CPU
		{E4E2D969-CABF-4A9B-B900-B871924AD6E4}.Release|x64.Build.0 = Release|Any CPU
		{E4E2D969-CABF-4A9B-B900-B871924AD6E4}.Release|x86.ActiveCfg = Release|Any CPU
		{E4E2D969-CABF-4A9B-B900-B871924AD6E4}.Release|x86.Build.0 = Release|Any CPU
		{FAC7073B-2624-4D6C-A227-BE40B6BFF5C2}.Debug|Any CPU.ActiveCfg = Debug|Any CPU
		{FAC7073B-2624-4D6C-A227-BE40B6BFF5C2}.Debug|Any CPU.Build.0 = Debug|Any CPU
		{FAC7073B-2624-4D6C-A227-BE40B6BFF5C2}.Debug|x64.ActiveCfg = Debug|Any CPU
		{FAC7073B-2624-4D6C-A227-BE40B6BFF5C2}.Debug|x64.Build.0 = Debug|Any CPU
		{FAC7073B-2624-4D6C-A227-BE40B6BFF5C2}.Debug|x86.ActiveCfg = Debug|Any CPU
		{FAC7073B-2624-4D6C-A227-BE40B6BFF5C2}.Debug|x86.Build.0 = Debug|Any CPU
		{FAC7073B-2624-4D6C-A227-BE40B6BFF5C2}.Release|Any CPU.ActiveCfg = Release|Any CPU
		{FAC7073B-2624-4D6C-A227-BE40B6BFF5C2}.Release|Any CPU.Build.0 = Release|Any CPU
		{FAC7073B-2624-4D6C-A227-BE40B6BFF5C2}.Release|x64.ActiveCfg = Release|Any CPU
		{FAC7073B-2624-4D6C-A227-BE40B6BFF5C2}.Release|x64.Build.0 = Release|Any CPU
		{FAC7073B-2624-4D6C-A227-BE40B6BFF5C2}.Release|x86.ActiveCfg = Release|Any CPU
		{FAC7073B-2624-4D6C-A227-BE40B6BFF5C2}.Release|x86.Build.0 = Release|Any CPU
		{A39FE5D0-3115-4297-AC1B-34D5D8ED31FB}.Debug|Any CPU.ActiveCfg = Debug|Any CPU
		{A39FE5D0-3115-4297-AC1B-34D5D8ED31FB}.Debug|Any CPU.Build.0 = Debug|Any CPU
		{A39FE5D0-3115-4297-AC1B-34D5D8ED31FB}.Debug|x64.ActiveCfg = Debug|Any CPU
		{A39FE5D0-3115-4297-AC1B-34D5D8ED31FB}.Debug|x64.Build.0 = Debug|Any CPU
		{A39FE5D0-3115-4297-AC1B-34D5D8ED31FB}.Debug|x86.ActiveCfg = Debug|Any CPU
		{A39FE5D0-3115-4297-AC1B-34D5D8ED31FB}.Debug|x86.Build.0 = Debug|Any CPU
		{A39FE5D0-3115-4297-AC1B-34D5D8ED31FB}.Release|Any CPU.ActiveCfg = Release|Any CPU
		{A39FE5D0-3115-4297-AC1B-34D5D8ED31FB}.Release|Any CPU.Build.0 = Release|Any CPU
		{A39FE5D0-3115-4297-AC1B-34D5D8ED31FB}.Release|x64.ActiveCfg = Release|Any CPU
		{A39FE5D0-3115-4297-AC1B-34D5D8ED31FB}.Release|x64.Build.0 = Release|Any CPU
		{A39FE5D0-3115-4297-AC1B-34D5D8ED31FB}.Release|x86.ActiveCfg = Release|Any CPU
		{A39FE5D0-3115-4297-AC1B-34D5D8ED31FB}.Release|x86.Build.0 = Release|Any CPU
		{2DD6D96C-BFA2-44F8-A62D-42BC2FDBA377}.Debug|Any CPU.ActiveCfg = Debug|Any CPU
		{2DD6D96C-BFA2-44F8-A62D-42BC2FDBA377}.Debug|Any CPU.Build.0 = Debug|Any CPU
		{2DD6D96C-BFA2-44F8-A62D-42BC2FDBA377}.Debug|x64.ActiveCfg = Debug|Any CPU
		{2DD6D96C-BFA2-44F8-A62D-42BC2FDBA377}.Debug|x64.Build.0 = Debug|Any CPU
		{2DD6D96C-BFA2-44F8-A62D-42BC2FDBA377}.Debug|x86.ActiveCfg = Debug|Any CPU
		{2DD6D96C-BFA2-44F8-A62D-42BC2FDBA377}.Debug|x86.Build.0 = Debug|Any CPU
		{2DD6D96C-BFA2-44F8-A62D-42BC2FDBA377}.Release|Any CPU.ActiveCfg = Release|Any CPU
		{2DD6D96C-BFA2-44F8-A62D-42BC2FDBA377}.Release|Any CPU.Build.0 = Release|Any CPU
		{2DD6D96C-BFA2-44F8-A62D-42BC2FDBA377}.Release|x64.ActiveCfg = Release|Any CPU
		{2DD6D96C-BFA2-44F8-A62D-42BC2FDBA377}.Release|x64.Build.0 = Release|Any CPU
		{2DD6D96C-BFA2-44F8-A62D-42BC2FDBA377}.Release|x86.ActiveCfg = Release|Any CPU
		{2DD6D96C-BFA2-44F8-A62D-42BC2FDBA377}.Release|x86.Build.0 = Release|Any CPU
		{141E42E1-24C2-43DE-8E65-41D6CA42917F}.Debug|Any CPU.ActiveCfg = Debug|Any CPU
		{141E42E1-24C2-43DE-8E65-41D6CA42917F}.Debug|Any CPU.Build.0 = Debug|Any CPU
		{141E42E1-24C2-43DE-8E65-41D6CA42917F}.Debug|x64.ActiveCfg = Debug|Any CPU
		{141E42E1-24C2-43DE-8E65-41D6CA42917F}.Debug|x64.Build.0 = Debug|Any CPU
		{141E42E1-24C2-43DE-8E65-41D6CA42917F}.Debug|x86.ActiveCfg = Debug|Any CPU
		{141E42E1-24C2-43DE-8E65-41D6CA42917F}.Debug|x86.Build.0 = Debug|Any CPU
		{141E42E1-24C2-43DE-8E65-41D6CA42917F}.Release|Any CPU.ActiveCfg = Release|Any CPU
		{141E42E1-24C2-43DE-8E65-41D6CA42917F}.Release|Any CPU.Build.0 = Release|Any CPU
		{141E42E1-24C2-43DE-8E65-41D6CA42917F}.Release|x64.ActiveCfg = Release|Any CPU
		{141E42E1-24C2-43DE-8E65-41D6CA42917F}.Release|x64.Build.0 = Release|Any CPU
		{141E42E1-24C2-43DE-8E65-41D6CA42917F}.Release|x86.ActiveCfg = Release|Any CPU
		{141E42E1-24C2-43DE-8E65-41D6CA42917F}.Release|x86.Build.0 = Release|Any CPU
		{3B7518E6-79B3-4686-AC78-DDD6C10713E5}.Debug|Any CPU.ActiveCfg = Debug|Any CPU
		{3B7518E6-79B3-4686-AC78-DDD6C10713E5}.Debug|Any CPU.Build.0 = Debug|Any CPU
		{3B7518E6-79B3-4686-AC78-DDD6C10713E5}.Debug|x64.ActiveCfg = Debug|Any CPU
		{3B7518E6-79B3-4686-AC78-DDD6C10713E5}.Debug|x64.Build.0 = Debug|Any CPU
		{3B7518E6-79B3-4686-AC78-DDD6C10713E5}.Debug|x86.ActiveCfg = Debug|Any CPU
		{3B7518E6-79B3-4686-AC78-DDD6C10713E5}.Debug|x86.Build.0 = Debug|Any CPU
		{3B7518E6-79B3-4686-AC78-DDD6C10713E5}.Release|Any CPU.ActiveCfg = Release|Any CPU
		{3B7518E6-79B3-4686-AC78-DDD6C10713E5}.Release|Any CPU.Build.0 = Release|Any CPU
		{3B7518E6-79B3-4686-AC78-DDD6C10713E5}.Release|x64.ActiveCfg = Release|Any CPU
		{3B7518E6-79B3-4686-AC78-DDD6C10713E5}.Release|x64.Build.0 = Release|Any CPU
		{3B7518E6-79B3-4686-AC78-DDD6C10713E5}.Release|x86.ActiveCfg = Release|Any CPU
		{3B7518E6-79B3-4686-AC78-DDD6C10713E5}.Release|x86.Build.0 = Release|Any CPU
		{D7D1FB1E-4FDF-485B-953F-412759AF7D3D}.Debug|Any CPU.ActiveCfg = Debug|Any CPU
		{D7D1FB1E-4FDF-485B-953F-412759AF7D3D}.Debug|Any CPU.Build.0 = Debug|Any CPU
		{D7D1FB1E-4FDF-485B-953F-412759AF7D3D}.Debug|x64.ActiveCfg = Debug|Any CPU
		{D7D1FB1E-4FDF-485B-953F-412759AF7D3D}.Debug|x64.Build.0 = Debug|Any CPU
		{D7D1FB1E-4FDF-485B-953F-412759AF7D3D}.Debug|x86.ActiveCfg = Debug|Any CPU
		{D7D1FB1E-4FDF-485B-953F-412759AF7D3D}.Debug|x86.Build.0 = Debug|Any CPU
		{D7D1FB1E-4FDF-485B-953F-412759AF7D3D}.Release|Any CPU.ActiveCfg = Release|Any CPU
		{D7D1FB1E-4FDF-485B-953F-412759AF7D3D}.Release|Any CPU.Build.0 = Release|Any CPU
		{D7D1FB1E-4FDF-485B-953F-412759AF7D3D}.Release|x64.ActiveCfg = Release|Any CPU
		{D7D1FB1E-4FDF-485B-953F-412759AF7D3D}.Release|x64.Build.0 = Release|Any CPU
		{D7D1FB1E-4FDF-485B-953F-412759AF7D3D}.Release|x86.ActiveCfg = Release|Any CPU
		{D7D1FB1E-4FDF-485B-953F-412759AF7D3D}.Release|x86.Build.0 = Release|Any CPU
		{9D1200A1-9F90-41A2-80DE-B02371390D3E}.Debug|Any CPU.ActiveCfg = Debug|Any CPU
		{9D1200A1-9F90-41A2-80DE-B02371390D3E}.Debug|Any CPU.Build.0 = Debug|Any CPU
		{9D1200A1-9F90-41A2-80DE-B02371390D3E}.Debug|x64.ActiveCfg = Debug|Any CPU
		{9D1200A1-9F90-41A2-80DE-B02371390D3E}.Debug|x64.Build.0 = Debug|Any CPU
		{9D1200A1-9F90-41A2-80DE-B02371390D3E}.Debug|x86.ActiveCfg = Debug|Any CPU
		{9D1200A1-9F90-41A2-80DE-B02371390D3E}.Debug|x86.Build.0 = Debug|Any CPU
		{9D1200A1-9F90-41A2-80DE-B02371390D3E}.Release|Any CPU.ActiveCfg = Release|Any CPU
		{9D1200A1-9F90-41A2-80DE-B02371390D3E}.Release|Any CPU.Build.0 = Release|Any CPU
		{9D1200A1-9F90-41A2-80DE-B02371390D3E}.Release|x64.ActiveCfg = Release|Any CPU
		{9D1200A1-9F90-41A2-80DE-B02371390D3E}.Release|x64.Build.0 = Release|Any CPU
		{9D1200A1-9F90-41A2-80DE-B02371390D3E}.Release|x86.ActiveCfg = Release|Any CPU
		{9D1200A1-9F90-41A2-80DE-B02371390D3E}.Release|x86.Build.0 = Release|Any CPU
		{F89CF710-5D8E-420A-A5C5-8C8EAFC52FFA}.Debug|Any CPU.ActiveCfg = Debug|Any CPU
		{F89CF710-5D8E-420A-A5C5-8C8EAFC52FFA}.Debug|Any CPU.Build.0 = Debug|Any CPU
		{F89CF710-5D8E-420A-A5C5-8C8EAFC52FFA}.Debug|x64.ActiveCfg = Debug|Any CPU
		{F89CF710-5D8E-420A-A5C5-8C8EAFC52FFA}.Debug|x64.Build.0 = Debug|Any CPU
		{F89CF710-5D8E-420A-A5C5-8C8EAFC52FFA}.Debug|x86.ActiveCfg = Debug|Any CPU
		{F89CF710-5D8E-420A-A5C5-8C8EAFC52FFA}.Debug|x86.Build.0 = Debug|Any CPU
		{F89CF710-5D8E-420A-A5C5-8C8EAFC52FFA}.Release|Any CPU.ActiveCfg = Release|Any CPU
		{F89CF710-5D8E-420A-A5C5-8C8EAFC52FFA}.Release|Any CPU.Build.0 = Release|Any CPU
		{F89CF710-5D8E-420A-A5C5-8C8EAFC52FFA}.Release|x64.ActiveCfg = Release|Any CPU
		{F89CF710-5D8E-420A-A5C5-8C8EAFC52FFA}.Release|x64.Build.0 = Release|Any CPU
		{F89CF710-5D8E-420A-A5C5-8C8EAFC52FFA}.Release|x86.ActiveCfg = Release|Any CPU
		{F89CF710-5D8E-420A-A5C5-8C8EAFC52FFA}.Release|x86.Build.0 = Release|Any CPU
		{0E00D13E-0CE0-4DC9-A4CB-BE1E5EDB9459}.Debug|Any CPU.ActiveCfg = Debug|Any CPU
		{0E00D13E-0CE0-4DC9-A4CB-BE1E5EDB9459}.Debug|Any CPU.Build.0 = Debug|Any CPU
		{0E00D13E-0CE0-4DC9-A4CB-BE1E5EDB9459}.Debug|x64.ActiveCfg = Debug|Any CPU
		{0E00D13E-0CE0-4DC9-A4CB-BE1E5EDB9459}.Debug|x64.Build.0 = Debug|Any CPU
		{0E00D13E-0CE0-4DC9-A4CB-BE1E5EDB9459}.Debug|x86.ActiveCfg = Debug|Any CPU
		{0E00D13E-0CE0-4DC9-A4CB-BE1E5EDB9459}.Debug|x86.Build.0 = Debug|Any CPU
		{0E00D13E-0CE0-4DC9-A4CB-BE1E5EDB9459}.Release|Any CPU.ActiveCfg = Release|Any CPU
		{0E00D13E-0CE0-4DC9-A4CB-BE1E5EDB9459}.Release|Any CPU.Build.0 = Release|Any CPU
		{0E00D13E-0CE0-4DC9-A4CB-BE1E5EDB9459}.Release|x64.ActiveCfg = Release|Any CPU
		{0E00D13E-0CE0-4DC9-A4CB-BE1E5EDB9459}.Release|x64.Build.0 = Release|Any CPU
		{0E00D13E-0CE0-4DC9-A4CB-BE1E5EDB9459}.Release|x86.ActiveCfg = Release|Any CPU
		{0E00D13E-0CE0-4DC9-A4CB-BE1E5EDB9459}.Release|x86.Build.0 = Release|Any CPU
		{F1602D4F-51E2-4E1C-A9C7-49B501E8004B}.Debug|Any CPU.ActiveCfg = Debug|Any CPU
		{F1602D4F-51E2-4E1C-A9C7-49B501E8004B}.Debug|Any CPU.Build.0 = Debug|Any CPU
		{F1602D4F-51E2-4E1C-A9C7-49B501E8004B}.Debug|x64.ActiveCfg = Debug|Any CPU
		{F1602D4F-51E2-4E1C-A9C7-49B501E8004B}.Debug|x64.Build.0 = Debug|Any CPU
		{F1602D4F-51E2-4E1C-A9C7-49B501E8004B}.Debug|x86.ActiveCfg = Debug|Any CPU
		{F1602D4F-51E2-4E1C-A9C7-49B501E8004B}.Debug|x86.Build.0 = Debug|Any CPU
		{F1602D4F-51E2-4E1C-A9C7-49B501E8004B}.Release|Any CPU.ActiveCfg = Release|Any CPU
		{F1602D4F-51E2-4E1C-A9C7-49B501E8004B}.Release|Any CPU.Build.0 = Release|Any CPU
		{F1602D4F-51E2-4E1C-A9C7-49B501E8004B}.Release|x64.ActiveCfg = Release|Any CPU
		{F1602D4F-51E2-4E1C-A9C7-49B501E8004B}.Release|x64.Build.0 = Release|Any CPU
		{F1602D4F-51E2-4E1C-A9C7-49B501E8004B}.Release|x86.ActiveCfg = Release|Any CPU
		{F1602D4F-51E2-4E1C-A9C7-49B501E8004B}.Release|x86.Build.0 = Release|Any CPU
		{822B72A8-5F28-41AD-B5C8-E8EC1F51CA15}.Debug|Any CPU.ActiveCfg = Debug|Any CPU
		{822B72A8-5F28-41AD-B5C8-E8EC1F51CA15}.Debug|Any CPU.Build.0 = Debug|Any CPU
		{822B72A8-5F28-41AD-B5C8-E8EC1F51CA15}.Debug|x64.ActiveCfg = Debug|Any CPU
		{822B72A8-5F28-41AD-B5C8-E8EC1F51CA15}.Debug|x64.Build.0 = Debug|Any CPU
		{822B72A8-5F28-41AD-B5C8-E8EC1F51CA15}.Debug|x86.ActiveCfg = Debug|Any CPU
		{822B72A8-5F28-41AD-B5C8-E8EC1F51CA15}.Debug|x86.Build.0 = Debug|Any CPU
		{822B72A8-5F28-41AD-B5C8-E8EC1F51CA15}.Release|Any CPU.ActiveCfg = Release|Any CPU
		{822B72A8-5F28-41AD-B5C8-E8EC1F51CA15}.Release|Any CPU.Build.0 = Release|Any CPU
		{822B72A8-5F28-41AD-B5C8-E8EC1F51CA15}.Release|x64.ActiveCfg = Release|Any CPU
		{822B72A8-5F28-41AD-B5C8-E8EC1F51CA15}.Release|x64.Build.0 = Release|Any CPU
		{822B72A8-5F28-41AD-B5C8-E8EC1F51CA15}.Release|x86.ActiveCfg = Release|Any CPU
		{822B72A8-5F28-41AD-B5C8-E8EC1F51CA15}.Release|x86.Build.0 = Release|Any CPU
		{7929D5F5-09EA-913E-165F-DBA541168418}.Debug|Any CPU.ActiveCfg = Debug|Any CPU
		{7929D5F5-09EA-913E-165F-DBA541168418}.Debug|Any CPU.Build.0 = Debug|Any CPU
		{7929D5F5-09EA-913E-165F-DBA541168418}.Debug|x64.ActiveCfg = Debug|Any CPU
		{7929D5F5-09EA-913E-165F-DBA541168418}.Debug|x64.Build.0 = Debug|Any CPU
		{7929D5F5-09EA-913E-165F-DBA541168418}.Debug|x86.ActiveCfg = Debug|Any CPU
		{7929D5F5-09EA-913E-165F-DBA541168418}.Debug|x86.Build.0 = Debug|Any CPU
		{7929D5F5-09EA-913E-165F-DBA541168418}.Release|Any CPU.ActiveCfg = Release|Any CPU
		{7929D5F5-09EA-913E-165F-DBA541168418}.Release|Any CPU.Build.0 = Release|Any CPU
		{7929D5F5-09EA-913E-165F-DBA541168418}.Release|x64.ActiveCfg = Release|Any CPU
		{7929D5F5-09EA-913E-165F-DBA541168418}.Release|x64.Build.0 = Release|Any CPU
		{7929D5F5-09EA-913E-165F-DBA541168418}.Release|x86.ActiveCfg = Release|Any CPU
		{7929D5F5-09EA-913E-165F-DBA541168418}.Release|x86.Build.0 = Release|Any CPU
		{0B786910-68A7-7E70-FAF8-DF2BEC12CFF2}.Debug|Any CPU.ActiveCfg = Debug|Any CPU
		{0B786910-68A7-7E70-FAF8-DF2BEC12CFF2}.Debug|Any CPU.Build.0 = Debug|Any CPU
		{0B786910-68A7-7E70-FAF8-DF2BEC12CFF2}.Debug|x64.ActiveCfg = Debug|Any CPU
		{0B786910-68A7-7E70-FAF8-DF2BEC12CFF2}.Debug|x64.Build.0 = Debug|Any CPU
		{0B786910-68A7-7E70-FAF8-DF2BEC12CFF2}.Debug|x86.ActiveCfg = Debug|Any CPU
		{0B786910-68A7-7E70-FAF8-DF2BEC12CFF2}.Debug|x86.Build.0 = Debug|Any CPU
		{0B786910-68A7-7E70-FAF8-DF2BEC12CFF2}.Release|Any CPU.ActiveCfg = Release|Any CPU
		{0B786910-68A7-7E70-FAF8-DF2BEC12CFF2}.Release|Any CPU.Build.0 = Release|Any CPU
		{0B786910-68A7-7E70-FAF8-DF2BEC12CFF2}.Release|x64.ActiveCfg = Release|Any CPU
		{0B786910-68A7-7E70-FAF8-DF2BEC12CFF2}.Release|x64.Build.0 = Release|Any CPU
		{0B786910-68A7-7E70-FAF8-DF2BEC12CFF2}.Release|x86.ActiveCfg = Release|Any CPU
		{0B786910-68A7-7E70-FAF8-DF2BEC12CFF2}.Release|x86.Build.0 = Release|Any CPU
		{06877C59-9021-4481-A062-8123B0318FB3}.Debug|Any CPU.ActiveCfg = Debug|Any CPU
		{06877C59-9021-4481-A062-8123B0318FB3}.Debug|Any CPU.Build.0 = Debug|Any CPU
		{06877C59-9021-4481-A062-8123B0318FB3}.Debug|x64.ActiveCfg = Debug|Any CPU
		{06877C59-9021-4481-A062-8123B0318FB3}.Debug|x64.Build.0 = Debug|Any CPU
		{06877C59-9021-4481-A062-8123B0318FB3}.Debug|x86.ActiveCfg = Debug|Any CPU
		{06877C59-9021-4481-A062-8123B0318FB3}.Debug|x86.Build.0 = Debug|Any CPU
		{06877C59-9021-4481-A062-8123B0318FB3}.Release|Any CPU.ActiveCfg = Release|Any CPU
		{06877C59-9021-4481-A062-8123B0318FB3}.Release|Any CPU.Build.0 = Release|Any CPU
		{06877C59-9021-4481-A062-8123B0318FB3}.Release|x64.ActiveCfg = Release|Any CPU
		{06877C59-9021-4481-A062-8123B0318FB3}.Release|x64.Build.0 = Release|Any CPU
		{06877C59-9021-4481-A062-8123B0318FB3}.Release|x86.ActiveCfg = Release|Any CPU
		{06877C59-9021-4481-A062-8123B0318FB3}.Release|x86.Build.0 = Release|Any CPU
		{790629EF-4675-4617-9113-5E30F7E0835D}.Debug|Any CPU.ActiveCfg = Debug|Any CPU
		{790629EF-4675-4617-9113-5E30F7E0835D}.Debug|Any CPU.Build.0 = Debug|Any CPU
		{790629EF-4675-4617-9113-5E30F7E0835D}.Debug|x64.ActiveCfg = Debug|Any CPU
		{790629EF-4675-4617-9113-5E30F7E0835D}.Debug|x64.Build.0 = Debug|Any CPU
		{790629EF-4675-4617-9113-5E30F7E0835D}.Debug|x86.ActiveCfg = Debug|Any CPU
		{790629EF-4675-4617-9113-5E30F7E0835D}.Debug|x86.Build.0 = Debug|Any CPU
		{790629EF-4675-4617-9113-5E30F7E0835D}.Release|Any CPU.ActiveCfg = Release|Any CPU
		{790629EF-4675-4617-9113-5E30F7E0835D}.Release|Any CPU.Build.0 = Release|Any CPU
		{790629EF-4675-4617-9113-5E30F7E0835D}.Release|x64.ActiveCfg = Release|Any CPU
		{790629EF-4675-4617-9113-5E30F7E0835D}.Release|x64.Build.0 = Release|Any CPU
		{790629EF-4675-4617-9113-5E30F7E0835D}.Release|x86.ActiveCfg = Release|Any CPU
		{790629EF-4675-4617-9113-5E30F7E0835D}.Release|x86.Build.0 = Release|Any CPU
		{A6503F61-7B9D-42A0-8482-3EBC2E583E45}.Debug|Any CPU.ActiveCfg = Debug|Any CPU
		{A6503F61-7B9D-42A0-8482-3EBC2E583E45}.Debug|Any CPU.Build.0 = Debug|Any CPU
		{A6503F61-7B9D-42A0-8482-3EBC2E583E45}.Debug|x64.ActiveCfg = Debug|Any CPU
		{A6503F61-7B9D-42A0-8482-3EBC2E583E45}.Debug|x64.Build.0 = Debug|Any CPU
		{A6503F61-7B9D-42A0-8482-3EBC2E583E45}.Debug|x86.ActiveCfg = Debug|Any CPU
		{A6503F61-7B9D-42A0-8482-3EBC2E583E45}.Debug|x86.Build.0 = Debug|Any CPU
		{A6503F61-7B9D-42A0-8482-3EBC2E583E45}.Release|Any CPU.ActiveCfg = Release|Any CPU
		{A6503F61-7B9D-42A0-8482-3EBC2E583E45}.Release|Any CPU.Build.0 = Release|Any CPU
		{A6503F61-7B9D-42A0-8482-3EBC2E583E45}.Release|x64.ActiveCfg = Release|Any CPU
		{A6503F61-7B9D-42A0-8482-3EBC2E583E45}.Release|x64.Build.0 = Release|Any CPU
		{A6503F61-7B9D-42A0-8482-3EBC2E583E45}.Release|x86.ActiveCfg = Release|Any CPU
		{A6503F61-7B9D-42A0-8482-3EBC2E583E45}.Release|x86.Build.0 = Release|Any CPU
	EndGlobalSection
	GlobalSection(SolutionProperties) = preSolution
		HideSolutionNode = FALSE
	EndGlobalSection
	GlobalSection(NestedProjects) = preSolution
		{84A76869-EA25-4F1B-B3B5-04AF7DF18375} = {AF3FE10D-6533-4CFC-9F00-06BD7874A1BB}
		{2F98DF95-64FE-4F67-A6F4-AEAD20999E8A} = {AF3FE10D-6533-4CFC-9F00-06BD7874A1BB}
		{CA4ED67D-A756-44CE-8239-82D414DD83A1} = {AF3FE10D-6533-4CFC-9F00-06BD7874A1BB}
		{2A30685B-0420-4EF8-934D-6913358BA891} = {AF3FE10D-6533-4CFC-9F00-06BD7874A1BB}
		{B0DA3005-4779-4A7D-AF26-AA1ACAF6D7B4} = {AF3FE10D-6533-4CFC-9F00-06BD7874A1BB}
		{E3FD197C-E9A6-4F41-B7CF-5181EA907A40} = {AF3FE10D-6533-4CFC-9F00-06BD7874A1BB}
		{BECAC2AF-3650-40FB-9118-49656AEAC281} = {AF3FE10D-6533-4CFC-9F00-06BD7874A1BB}
		{950FCC93-1595-42F0-AE31-80EBC9D73EA5} = {AF3FE10D-6533-4CFC-9F00-06BD7874A1BB}
		{154126E5-F1A2-41DE-A16A-D069B15525F6} = {AF3FE10D-6533-4CFC-9F00-06BD7874A1BB}
		{E4E2D969-CABF-4A9B-B900-B871924AD6E4} = {AF3FE10D-6533-4CFC-9F00-06BD7874A1BB}
		{FAC7073B-2624-4D6C-A227-BE40B6BFF5C2} = {AF3FE10D-6533-4CFC-9F00-06BD7874A1BB}
		{A39FE5D0-3115-4297-AC1B-34D5D8ED31FB} = {AF3FE10D-6533-4CFC-9F00-06BD7874A1BB}
		{2DD6D96C-BFA2-44F8-A62D-42BC2FDBA377} = {C265CD69-3C8D-40B8-B5B1-8A2C4C953597}
		{141E42E1-24C2-43DE-8E65-41D6CA42917F} = {C265CD69-3C8D-40B8-B5B1-8A2C4C953597}
		{3B7518E6-79B3-4686-AC78-DDD6C10713E5} = {08915A5A-E916-41CB-9C85-7358DB4ED1A9}
		{D7D1FB1E-4FDF-485B-953F-412759AF7D3D} = {08915A5A-E916-41CB-9C85-7358DB4ED1A9}
		{9D1200A1-9F90-41A2-80DE-B02371390D3E} = {08915A5A-E916-41CB-9C85-7358DB4ED1A9}
		{F89CF710-5D8E-420A-A5C5-8C8EAFC52FFA} = {08915A5A-E916-41CB-9C85-7358DB4ED1A9}
		{F1602D4F-51E2-4E1C-A9C7-49B501E8004B} = {529F8EA9-0FFD-4E29-B386-547025F214AA}
		{7929D5F5-09EA-913E-165F-DBA541168418} = {529F8EA9-0FFD-4E29-B386-547025F214AA}
		{0B786910-68A7-7E70-FAF8-DF2BEC12CFF2} = {529F8EA9-0FFD-4E29-B386-547025F214AA}
		{06877C59-9021-4481-A062-8123B0318FB3} = {02EA681E-C7D8-13C7-8484-4AC65E1B71E8}
		{790629EF-4675-4617-9113-5E30F7E0835D} = {02EA681E-C7D8-13C7-8484-4AC65E1B71E8}
		{A6503F61-7B9D-42A0-8482-3EBC2E583E45} = {02EA681E-C7D8-13C7-8484-4AC65E1B71E8}
	EndGlobalSection
	GlobalSection(ExtensibilityGlobals) = postSolution
		SolutionGuid = {AFC5F893-16A3-441E-9DC6-2E23DD53C158}
	EndGlobalSection
EndGlobal
