
Microsoft Visual Studio Solution File, Format Version 12.00
# Visual Studio Version 16
VisualStudioVersion = 16.0.31112.23
MinimumVisualStudioVersion = 10.0.40219.1
Project("{9A19103F-16F7-4668-BE54-9A1E7A4F7556}") = "Cms", "Cms\Cms.csproj", "{D6F2DAD5-513A-4F23-A8AF-7C68508C3989}"
EndProject
Project("{9A19103F-16F7-4668-BE54-9A1E7A4F7556}") = "Models", "Models\Models.csproj", "{4994804E-0E7A-49AB-9FA6-721D5B88DA30}"
EndProject
Project("{9A19103F-16F7-4668-BE54-9A1E7A4F7556}") = "WebApi", "WebApi\WebApi.csproj", "{E98137D8-4199-490C-B530-BC172D3046CD}"
EndProject
Project("{9A19103F-16F7-4668-BE54-9A1E7A4F7556}") = "TaskService", "TaskService\TaskService.csproj", "{13F1569D-C69B-493F-BC4F-1D3604686B4C}"
EndProject
Project("{9A19103F-16F7-4668-BE54-9A1E7A4F7556}") = "Common", "Common\Common.csproj", "{7F1E9FFD-E504-4518-AF79-19C4C5B4876B}"
EndProject
Project("{9A19103F-16F7-4668-BE54-9A1E7A4F7556}") = "Repository", "Repository\Repository.csproj", "{FC09917F-AC87-4576-82A3-A5CD4915ED54}"
EndProject
Project("{9A19103F-16F7-4668-BE54-9A1E7A4F7556}") = "TaskAdmin", "TaskAdmin\TaskAdmin.csproj", "{B8C932A4-342B-4F22-9979-F20F4E74211A}"
EndProject
Global
	GlobalSection(SolutionConfigurationPlatforms) = preSolution
		Debug|Any CPU = Debug|Any CPU
		Release|Any CPU = Release|Any CPU
	EndGlobalSection
	GlobalSection(ProjectConfigurationPlatforms) = postSolution
		{D6F2DAD5-513A-4F23-A8AF-7C68508C3989}.Debug|Any CPU.ActiveCfg = Debug|Any CPU
		{D6F2DAD5-513A-4F23-A8AF-7C68508C3989}.Debug|Any CPU.Build.0 = Debug|Any CPU
		{D6F2DAD5-513A-4F23-A8AF-7C68508C3989}.Release|Any CPU.ActiveCfg = Release|Any CPU
		{D6F2DAD5-513A-4F23-A8AF-7C68508C3989}.Release|Any CPU.Build.0 = Release|Any CPU
		{4994804E-0E7A-49AB-9FA6-721D5B88DA30}.Debug|Any CPU.ActiveCfg = Debug|Any CPU
		{4994804E-0E7A-49AB-9FA6-721D5B88DA30}.Debug|Any CPU.Build.0 = Debug|Any CPU
		{4994804E-0E7A-49AB-9FA6-721D5B88DA30}.Release|Any CPU.ActiveCfg = Release|Any CPU
		{4994804E-0E7A-49AB-9FA6-721D5B88DA30}.Release|Any CPU.Build.0 = Release|Any CPU
		{E98137D8-4199-490C-B530-BC172D3046CD}.Debug|Any CPU.ActiveCfg = Debug|Any CPU
		{E98137D8-4199-490C-B530-BC172D3046CD}.Debug|Any CPU.Build.0 = Debug|Any CPU
		{E98137D8-4199-490C-B530-BC172D3046CD}.Release|Any CPU.ActiveCfg = Release|Any CPU
		{E98137D8-4199-490C-B530-BC172D3046CD}.Release|Any CPU.Build.0 = Release|Any CPU
		{13F1569D-C69B-493F-BC4F-1D3604686B4C}.Debug|Any CPU.ActiveCfg = Debug|Any CPU
		{13F1569D-C69B-493F-BC4F-1D3604686B4C}.Debug|Any CPU.Build.0 = Debug|Any CPU
		{13F1569D-C69B-493F-BC4F-1D3604686B4C}.Release|Any CPU.ActiveCfg = Release|Any CPU
		{13F1569D-C69B-493F-BC4F-1D3604686B4C}.Release|Any CPU.Build.0 = Release|Any CPU
		{7F1E9FFD-E504-4518-AF79-19C4C5B4876B}.Debug|Any CPU.ActiveCfg = Debug|Any CPU
		{7F1E9FFD-E504-4518-AF79-19C4C5B4876B}.Debug|Any CPU.Build.0 = Debug|Any CPU
		{7F1E9FFD-E504-4518-AF79-19C4C5B4876B}.Release|Any CPU.ActiveCfg = Release|Any CPU
		{7F1E9FFD-E504-4518-AF79-19C4C5B4876B}.Release|Any CPU.Build.0 = Release|Any CPU
		{FC09917F-AC87-4576-82A3-A5CD4915ED54}.Debug|Any CPU.ActiveCfg = Debug|Any CPU
		{FC09917F-AC87-4576-82A3-A5CD4915ED54}.Debug|Any CPU.Build.0 = Debug|Any CPU
		{FC09917F-AC87-4576-82A3-A5CD4915ED54}.Release|Any CPU.ActiveCfg = Release|Any CPU
		{FC09917F-AC87-4576-82A3-A5CD4915ED54}.Release|Any CPU.Build.0 = Release|Any CPU
		{B8C932A4-342B-4F22-9979-F20F4E74211A}.Debug|Any CPU.ActiveCfg = Debug|Any CPU
		{B8C932A4-342B-4F22-9979-F20F4E74211A}.Debug|Any CPU.Build.0 = Debug|Any CPU
		{B8C932A4-342B-4F22-9979-F20F4E74211A}.Release|Any CPU.ActiveCfg = Release|Any CPU
		{B8C932A4-342B-4F22-9979-F20F4E74211A}.Release|Any CPU.Build.0 = Release|Any CPU
	EndGlobalSection
	GlobalSection(SolutionProperties) = preSolution
		HideSolutionNode = FALSE
	EndGlobalSection
	GlobalSection(ExtensibilityGlobals) = postSolution
		SolutionGuid = {AFC5F893-16A3-441E-9DC6-2E23DD53C158}
	EndGlobalSection
EndGlobal
