
Microsoft Visual Studio Solution File, Format Version 12.00
# Visual Studio 15
VisualStudioVersion = 15.0.28307.421
MinimumVisualStudioVersion = 10.0.40219.1
Project("{9A19103F-16F7-4668-BE54-9A1E7A4F7556}") = "Cms", "Cms\Cms.csproj", "{D6F2DAD5-513A-4F23-A8AF-7C68508C3989}"
EndProject
Project("{9A19103F-16F7-4668-BE54-9A1E7A4F7556}") = "Models", "Models\Models.csproj", "{4994804E-0E7A-49AB-9FA6-721D5B88DA30}"
EndProject
Project("{9A19103F-16F7-4668-BE54-9A1E7A4F7556}") = "Methods", "Methods\Methods.csproj", "{D73883A0-7892-4348-B8DD-1C3782AF26C8}"
EndProject
Project("{FAE04EC0-301F-11D3-BF4B-00C04F79EFBC}") = "WebApi", "WebApi\WebApi.csproj", "{E98137D8-4199-490C-B530-BC172D3046CD}"
EndProject
Global
	GlobalSection(SolutionConfigurationPlatforms) = preSolution
		Debug|Any CPU = Debug|Any CPU
		Release|Any CPU = Release|Any CPU
	EndGlobalSection
	GlobalSection(ProjectConfigurationPlatforms) = postSolution
		{D6F2DAD5-513A-4F23-A8AF-7C68508C3989}.Debug|Any CPU.ActiveCfg = Debug|Any CPU
		{D6F2DAD5-513A-4F23-A8AF-7C68508C3989}.Debug|Any CPU.Build.0 = Debug|Any CPU
		{D6F2DAD5-513A-4F23-A8AF-7C68508C3989}.Release|Any CPU.ActiveCfg = Release|Any CPU
		{D6F2DAD5-513A-4F23-A8AF-7C68508C3989}.Release|Any CPU.Build.0 = Release|Any CPU
		{4994804E-0E7A-49AB-9FA6-721D5B88DA30}.Debug|Any CPU.ActiveCfg = Debug|Any CPU
		{4994804E-0E7A-49AB-9FA6-721D5B88DA30}.Debug|Any CPU.Build.0 = Debug|Any CPU
		{4994804E-0E7A-49AB-9FA6-721D5B88DA30}.Release|Any CPU.ActiveCfg = Release|Any CPU
		{4994804E-0E7A-49AB-9FA6-721D5B88DA30}.Release|Any CPU.Build.0 = Release|Any CPU
		{D73883A0-7892-4348-B8DD-1C3782AF26C8}.Debug|Any CPU.ActiveCfg = Debug|Any CPU
		{D73883A0-7892-4348-B8DD-1C3782AF26C8}.Debug|Any CPU.Build.0 = Debug|Any CPU
		{D73883A0-7892-4348-B8DD-1C3782AF26C8}.Release|Any CPU.ActiveCfg = Release|Any CPU
		{D73883A0-7892-4348-B8DD-1C3782AF26C8}.Release|Any CPU.Build.0 = Release|Any CPU
		{E98137D8-4199-490C-B530-BC172D3046CD}.Debug|Any CPU.ActiveCfg = Debug|Any CPU
		{E98137D8-4199-490C-B530-BC172D3046CD}.Debug|Any CPU.Build.0 = Debug|Any CPU
		{E98137D8-4199-490C-B530-BC172D3046CD}.Release|Any CPU.ActiveCfg = Release|Any CPU
		{E98137D8-4199-490C-B530-BC172D3046CD}.Release|Any CPU.Build.0 = Release|Any CPU
	EndGlobalSection
	GlobalSection(SolutionProperties) = preSolution
		HideSolutionNode = FALSE
	EndGlobalSection
	GlobalSection(ExtensibilityGlobals) = postSolution
		SolutionGuid = {AFC5F893-16A3-441E-9DC6-2E23DD53C158}
	EndGlobalSection
EndGlobal
